// !$*UTF8*$!
{
	archiveVersion = 1;
	classes = {
	};
	objectVersion = 56;
	objects = {

/* Begin PBXBuildFile section */
		A5D8092D2C7156A300F2E6AF /* UtilityBillsApp.swift in Sources */ = {isa = PBXBuildFile; fileRef = A5D8092C2C7156A300F2E6AF /* UtilityBillsApp.swift */; };
		A5D8092F2C7156A300F2E6AF /* ContentView.swift in Sources */ = {isa = PBXBuildFile; fileRef = A5D8092E2C7156A300F2E6AF /* ContentView.swift */; };
		A5D809312C7156A300F2E6AF /* Assets.xcassets in Resources */ = {isa = PBXBuildFile; fileRef = A5D809302C7156A300F2E6AF /* Assets.xcassets */; };
		A5D809342C7156A300F2E6AF /* Preview Assets.xcassets in Resources */ = {isa = PBXBuildFile; fileRef = A5D809332C7156A300F2E6AF /* Preview Assets.xcassets */; };
		A5D8093E2C7156A400F2E6AF /* UtilityBillsTests.swift in Sources */ = {isa = PBXBuildFile; fileRef = A5D8093D2C7156A400F2E6AF /* UtilityBillsTests.swift */; };
		A5D809482C7156A400F2E6AF /* UtilityBillsUITests.swift in Sources */ = {isa = PBXBuildFile; fileRef = A5D809472C7156A400F2E6AF /* UtilityBillsUITests.swift */; };
		A5D8094A2C7156A400F2E6AF /* UtilityBillsUITestsLaunchTests.swift in Sources */ = {isa = PBXBuildFile; fileRef = A5D809492C7156A400F2E6AF /* UtilityBillsUITestsLaunchTests.swift */; };
/* End PBXBuildFile section */

/* Begin PBXContainerItemProxy section */
		A5D8093A2C7156A400F2E6AF /* PBXContainerItemProxy */ = {
			isa = PBXContainerItemProxy;
			containerPortal = A5D809212C7156A300F2E6AF /* Project object */;
			proxyType = 1;
			remoteGlobalIDString = A5D809282C7156A300F2E6AF;
			remoteInfo = UtilityBills;
		};
		A5D809442C7156A400F2E6AF /* PBXContainerItemProxy */ = {
			isa = PBXContainerItemProxy;
			containerPortal = A5D809212C7156A300F2E6AF /* Project object */;
			proxyType = 1;
			remoteGlobalIDString = A5D809282C7156A300F2E6AF;
			remoteInfo = UtilityBills;
		};
/* End PBXContainerItemProxy section */

/* Begin PBXFileReference section */
		A5D809292C7156A300F2E6AF /* UtilityBills.app */ = {isa = PBXFileReference; explicitFileType = wrapper.application; includeInIndex = 0; path = UtilityBills.app; sourceTree = BUILT_PRODUCTS_DIR; };
		A5D8092C2C7156A300F2E6AF /* UtilityBillsApp.swift */ = {isa = PBXFileReference; lastKnownFileType = sourcecode.swift; path = UtilityBillsApp.swift; sourceTree = "<group>"; };
		A5D8092E2C7156A300F2E6AF /* ContentView.swift */ = {isa = PBXFileReference; lastKnownFileType = sourcecode.swift; path = ContentView.swift; sourceTree = "<group>"; };
		A5D809302C7156A300F2E6AF /* Assets.xcassets */ = {isa = PBXFileReference; lastKnownFileType = folder.assetcatalog; path = Assets.xcassets; sourceTree = "<group>"; };
		A5D809332C7156A300F2E6AF /* Preview Assets.xcassets */ = {isa = PBXFileReference; lastKnownFileType = folder.assetcatalog; path = "Preview Assets.xcassets"; sourceTree = "<group>"; };
		A5D809392C7156A400F2E6AF /* UtilityBillsTests.xctest */ = {isa = PBXFileReference; explicitFileType = wrapper.cfbundle; includeInIndex = 0; path = UtilityBillsTests.xctest; sourceTree = BUILT_PRODUCTS_DIR; };
		A5D8093D2C7156A400F2E6AF /* UtilityBillsTests.swift */ = {isa = PBXFileReference; lastKnownFileType = sourcecode.swift; path = UtilityBillsTests.swift; sourceTree = "<group>"; };
		A5D809432C7156A400F2E6AF /* UtilityBillsUITests.xctest */ = {isa = PBXFileReference; explicitFileType = wrapper.cfbundle; includeInIndex = 0; path = UtilityBillsUITests.xctest; sourceTree = BUILT_PRODUCTS_DIR; };
		A5D809472C7156A400F2E6AF /* UtilityBillsUITests.swift */ = {isa = PBXFileReference; lastKnownFileType = sourcecode.swift; path = UtilityBillsUITests.swift; sourceTree = "<group>"; };
		A5D809492C7156A400F2E6AF /* UtilityBillsUITestsLaunchTests.swift */ = {isa = PBXFileReference; lastKnownFileType = sourcecode.swift; path = UtilityBillsUITestsLaunchTests.swift; sourceTree = "<group>"; };
/* End PBXFileReference section */

/* Begin PBXFrameworksBuildPhase section */
		A5D809262C7156A300F2E6AF /* Frameworks */ = {
			isa = PBXFrameworksBuildPhase;
			buildActionMask = 2147483647;
			files = (
			);
			runOnlyForDeploymentPostprocessing = 0;
		};
		A5D809362C7156A400F2E6AF /* Frameworks */ = {
			isa = PBXFrameworksBuildPhase;
			buildActionMask = 2147483647;
			files = (
			);
			runOnlyForDeploymentPostprocessing = 0;
		};
		A5D809402C7156A400F2E6AF /* Frameworks */ = {
			isa = PBXFrameworksBuildPhase;
			buildActionMask = 2147483647;
			files = (
			);
			runOnlyForDeploymentPostprocessing = 0;
		};
/* End PBXFrameworksBuildPhase section */

/* Begin PBXGroup section */
		A5D809202C7156A300F2E6AF = {
			isa = PBXGroup;
			children = (
				A5D8092B2C7156A300F2E6AF /* UtilityBills */,
				A5D8093C2C7156A400F2E6AF /* UtilityBillsTests */,
				A5D809462C7156A400F2E6AF /* UtilityBillsUITests */,
				A5D8092A2C7156A300F2E6AF /* Products */,
			);
			sourceTree = "<group>";
		};
		A5D8092A2C7156A300F2E6AF /* Products */ = {
			isa = PBXGroup;
			children = (
				A5D809292C7156A300F2E6AF /* UtilityBills.app */,
				A5D809392C7156A400F2E6AF /* UtilityBillsTests.xctest */,
				A5D809432C7156A400F2E6AF /* UtilityBillsUITests.xctest */,
			);
			name = Products;
			sourceTree = "<group>";
		};
		A5D8092B2C7156A300F2E6AF /* UtilityBills */ = {
			isa = PBXGroup;
			children = (
				A5D8092C2C7156A300F2E6AF /* UtilityBillsApp.swift */,
				A5D8092E2C7156A300F2E6AF /* ContentView.swift */,
				A5D809302C7156A300F2E6AF /* Assets.xcassets */,
				A5D809322C7156A300F2E6AF /* Preview Content */,
			);
			path = UtilityBills;
			sourceTree = "<group>";
		};
		A5D809322C7156A300F2E6AF /* Preview Content */ = {
			isa = PBXGroup;
			children = (
				A5D809332C7156A300F2E6AF /* Preview Assets.xcassets */,
			);
			path = "Preview Content";
			sourceTree = "<group>";
		};
		A5D8093C2C7156A400F2E6AF /* UtilityBillsTests */ = {
			isa = PBXGroup;
			children = (
				A5D8093D2C7156A400F2E6AF /* UtilityBillsTests.swift */,
			);
			path = UtilityBillsTests;
			sourceTree = "<group>";
		};
		A5D809462C7156A400F2E6AF /* UtilityBillsUITests */ = {
			isa = PBXGroup;
			children = (
				A5D809472C7156A400F2E6AF /* UtilityBillsUITests.swift */,
				A5D809492C7156A400F2E6AF /* UtilityBillsUITestsLaunchTests.swift */,
			);
			path = UtilityBillsUITests;
			sourceTree = "<group>";
		};
/* End PBXGroup section */

/* Begin PBXNativeTarget section */
		A5D809282C7156A300F2E6AF /* UtilityBills */ = {
			isa = PBXNativeTarget;
			buildConfigurationList = A5D8094D2C7156A400F2E6AF /* Build configuration list for PBXNativeTarget "UtilityBills" */;
			buildPhases = (
				A5D809252C7156A300F2E6AF /* Sources */,
				A5D809262C7156A300F2E6AF /* Frameworks */,
				A5D809272C7156A300F2E6AF /* Resources */,
			);
			buildRules = (
			);
			dependencies = (
			);
			name = UtilityBills;
			productName = UtilityBills;
			productReference = A5D809292C7156A300F2E6AF /* UtilityBills.app */;
			productType = "com.apple.product-type.application";
		};
		A5D809382C7156A400F2E6AF /* UtilityBillsTests */ = {
			isa = PBXNativeTarget;
			buildConfigurationList = A5D809502C7156A400F2E6AF /* Build configuration list for PBXNativeTarget "UtilityBillsTests" */;
			buildPhases = (
				A5D809352C7156A400F2E6AF /* Sources */,
				A5D809362C7156A400F2E6AF /* Frameworks */,
				A5D809372C7156A400F2E6AF /* Resources */,
			);
			buildRules = (
			);
			dependencies = (
				A5D8093B2C7156A400F2E6AF /* PBXTargetDependency */,
			);
			name = UtilityBillsTests;
			productName = UtilityBillsTests;
			productReference = A5D809392C7156A400F2E6AF /* UtilityBillsTests.xctest */;
			productType = "com.apple.product-type.bundle.unit-test";
		};
		A5D809422C7156A400F2E6AF /* UtilityBillsUITests */ = {
			isa = PBXNativeTarget;
			buildConfigurationList = A5D809532C7156A400F2E6AF /* Build configuration list for PBXNativeTarget "UtilityBillsUITests" */;
			buildPhases = (
				A5D8093F2C7156A400F2E6AF /* Sources */,
				A5D809402C7156A400F2E6AF /* Frameworks */,
				A5D809412C7156A400F2E6AF /* Resources */,
			);
			buildRules = (
			);
			dependencies = (
				A5D809452C7156A400F2E6AF /* PBXTargetDependency */,
			);
			name = UtilityBillsUITests;
			productName = UtilityBillsUITests;
			productReference = A5D809432C7156A400F2E6AF /* UtilityBillsUITests.xctest */;
			productType = "com.apple.product-type.bundle.ui-testing";
		};
/* End PBXNativeTarget section */

/* Begin PBXProject section */
		A5D809212C7156A300F2E6AF /* Project object */ = {
			isa = PBXProject;
			attributes = {
				BuildIndependentTargetsInParallel = 1;
				LastSwiftUpdateCheck = 1540;
				LastUpgradeCheck = 1540;
				TargetAttributes = {
					A5D809282C7156A300F2E6AF = {
						CreatedOnToolsVersion = 15.4;
					};
					A5D809382C7156A400F2E6AF = {
						CreatedOnToolsVersion = 15.4;
						TestTargetID = A5D809282C7156A300F2E6AF;
					};
					A5D809422C7156A400F2E6AF = {
						CreatedOnToolsVersion = 15.4;
						TestTargetID = A5D809282C7156A300F2E6AF;
					};
				};
			};
			buildConfigurationList = A5D809242C7156A300F2E6AF /* Build configuration list for PBXProject "UtilityBills" */;
			compatibilityVersion = "Xcode 14.0";
			developmentRegion = en;
			hasScannedForEncodings = 0;
			knownRegions = (
				en,
				Base,
			);
			mainGroup = A5D809202C7156A300F2E6AF;
			productRefGroup = A5D8092A2C7156A300F2E6AF /* Products */;
			projectDirPath = "";
			projectRoot = "";
			targets = (
				A5D809282C7156A300F2E6AF /* UtilityBills */,
				A5D809382C7156A400F2E6AF /* UtilityBillsTests */,
				A5D809422C7156A400F2E6AF /* UtilityBillsUITests */,
			);
		};
/* End PBXProject section */

/* Begin PBXResourcesBuildPhase section */
		A5D809272C7156A300F2E6AF /* Resources */ = {
			isa = PBXResourcesBuildPhase;
			buildActionMask = 2147483647;
			files = (
				A5D809342C7156A300F2E6AF /* Preview Assets.xcassets in Resources */,
				A5D809312C7156A300F2E6AF /* Assets.xcassets in Resources */,
			);
			runOnlyForDeploymentPostprocessing = 0;
		};
		A5D809372C7156A400F2E6AF /* Resources */ = {
			isa = PBXResourcesBuildPhase;
			buildActionMask = 2147483647;
			files = (
			);
			runOnlyForDeploymentPostprocessing = 0;
		};
		A5D809412C7156A400F2E6AF /* Resources */ = {
			isa = PBXResourcesBuildPhase;
			buildActionMask = 2147483647;
			files = (
			);
			runOnlyForDeploymentPostprocessing = 0;
		};
/* End PBXResourcesBuildPhase section */

/* Begin PBXSourcesBuildPhase section */
		A5D809252C7156A300F2E6AF /* Sources */ = {
			isa = PBXSourcesBuildPhase;
			buildActionMask = 2147483647;
			files = (
				A5D8092F2C7156A300F2E6AF /* ContentView.swift in Sources */,
				A5D8092D2C7156A300F2E6AF /* UtilityBillsApp.swift in Sources */,
			);
			runOnlyForDeploymentPostprocessing = 0;
		};
		A5D809352C7156A400F2E6AF /* Sources */ = {
			isa = PBXSourcesBuildPhase;
			buildActionMask = 2147483647;
			files = (
				A5D8093E2C7156A400F2E6AF /* UtilityBillsTests.swift in Sources */,
			);
			runOnlyForDeploymentPostprocessing = 0;
		};
		A5D8093F2C7156A400F2E6AF /* Sources */ = {
			isa = PBXSourcesBuildPhase;
			buildActionMask = 2147483647;
			files = (
				A5D8094A2C7156A400F2E6AF /* UtilityBillsUITestsLaunchTests.swift in Sources */,
				A5D809482C7156A400F2E6AF /* UtilityBillsUITests.swift in Sources */,
			);
			runOnlyForDeploymentPostprocessing = 0;
		};
/* End PBXSourcesBuildPhase section */

/* Begin PBXTargetDependency section */
		A5D8093B2C7156A400F2E6AF /* PBXTargetDependency */ = {
			isa = PBXTargetDependency;
			target = A5D809282C7156A300F2E6AF /* UtilityBills */;
			targetProxy = A5D8093A2C7156A400F2E6AF /* PBXContainerItemProxy */;
		};
		A5D809452C7156A400F2E6AF /* PBXTargetDependency */ = {
			isa = PBXTargetDependency;
			target = A5D809282C7156A300F2E6AF /* UtilityBills */;
			targetProxy = A5D809442C7156A400F2E6AF /* PBXContainerItemProxy */;
		};
/* End PBXTargetDependency section */

/* Begin XCBuildConfiguration section */
		A5D8094B2C7156A400F2E6AF /* Debug */ = {
			isa = XCBuildConfiguration;
			buildSettings = {
				ALWAYS_SEARCH_USER_PATHS = NO;
				ASSETCATALOG_COMPILER_GENERATE_SWIFT_ASSET_SYMBOL_EXTENSIONS = YES;
				CLANG_ANALYZER_NONNULL = YES;
				CLANG_ANALYZER_NUMBER_OBJECT_CONVERSION = YES_AGGRESSIVE;
				CLANG_CXX_LANGUAGE_STANDARD = "gnu++20";
				CLANG_ENABLE_MODULES = YES;
				CLANG_ENABLE_OBJC_ARC = YES;
				CLANG_ENABLE_OBJC_WEAK = YES;
				CLANG_WARN_BLOCK_CAPTURE_AUTORELEASING = YES;
				CLANG_WARN_BOOL_CONVERSION = YES;
				CLANG_WARN_COMMA = YES;
				CLANG_WARN_CONSTANT_CONVERSION = YES;
				CLANG_WARN_DEPRECATED_OBJC_IMPLEMENTATIONS = YES;
				CLANG_WARN_DIRECT_OBJC_ISA_USAGE = YES_ERROR;
				CLANG_WARN_DOCUMENTATION_COMMENTS = YES;
				CLANG_WARN_EMPTY_BODY = YES;
				CLANG_WARN_ENUM_CONVERSION = YES;
				CLANG_WARN_INFINITE_RECURSION = YES;
				CLANG_WARN_INT_CONVERSION = YES;
				CLANG_WARN_NON_LITERAL_NULL_CONVERSION = YES;
				CLANG_WARN_OBJC_IMPLICIT_RETAIN_SELF = YES;
				CLANG_WARN_OBJC_LITERAL_CONVERSION = YES;
				CLANG_WARN_OBJC_ROOT_CLASS = YES_ERROR;
				CLANG_WARN_QUOTED_INCLUDE_IN_FRAMEWORK_HEADER = YES;
				CLANG_WARN_RANGE_LOOP_ANALYSIS = YES;
				CLANG_WARN_STRICT_PROTOTYPES = YES;
				CLANG_WARN_SUSPICIOUS_MOVE = YES;
				CLANG_WARN_UNGUARDED_AVAILABILITY = YES_AGGRESSIVE;
				CLANG_WARN_UNREACHABLE_CODE = YES;
				CLANG_WARN__DUPLICATE_METHOD_MATCH = YES;
				COPY_PHASE_STRIP = NO;
				DEBUG_INFORMATION_FORMAT = dwarf;
				ENABLE_STRICT_OBJC_MSGSEND = YES;
				ENABLE_TESTABILITY = YES;
				ENABLE_USER_SCRIPT_SANDBOXING = YES;
				GCC_C_LANGUAGE_STANDARD = gnu17;
				GCC_DYNAMIC_NO_PIC = NO;
				GCC_NO_COMMON_BLOCKS = YES;
				GCC_OPTIMIZATION_LEVEL = 0;
				GCC_PREPROCESSOR_DEFINITIONS = (
					"DEBUG=1",
					"$(inherited)",
				);
				GCC_WARN_64_TO_32_BIT_CONVERSION = YES;
				GCC_WARN_ABOUT_RETURN_TYPE = YES_ERROR;
				GCC_WARN_UNDECLARED_SELECTOR = YES;
				GCC_WARN_UNINITIALIZED_AUTOS = YES_AGGRESSIVE;
				GCC_WARN_UNUSED_FUNCTION = YES;
				GCC_WARN_UNUSED_VARIABLE = YES;
				IPHONEOS_DEPLOYMENT_TARGET = 17.5;
				LOCALIZATION_PREFERS_STRING_CATALOGS = YES;
				MTL_ENABLE_DEBUG_INFO = INCLUDE_SOURCE;
				MTL_FAST_MATH = YES;
				ONLY_ACTIVE_ARCH = YES;
				SDKROOT = iphoneos;
				SWIFT_ACTIVE_COMPILATION_CONDITIONS = "DEBUG $(inherited)";
				SWIFT_OPTIMIZATION_LEVEL = "-Onone";
			};
			name = Debug;
		};
		A5D8094C2C7156A400F2E6AF /* Release */ = {
			isa = XCBuildConfiguration;
			buildSettings = {
				ALWAYS_SEARCH_USER_PATHS = NO;
				ASSETCATALOG_COMPILER_GENERATE_SWIFT_ASSET_SYMBOL_EXTENSIONS = YES;
				CLANG_ANALYZER_NONNULL = YES;
				CLANG_ANALYZER_NUMBER_OBJECT_CONVERSION = YES_AGGRESSIVE;
				CLANG_CXX_LANGUAGE_STANDARD = "gnu++20";
				CLANG_ENABLE_MODULES = YES;
				CLANG_ENABLE_OBJC_ARC = YES;
				CLANG_ENABLE_OBJC_WEAK = YES;
				CLANG_WARN_BLOCK_CAPTURE_AUTORELEASING = YES;
				CLANG_WARN_BOOL_CONVERSION = YES;
				CLANG_WARN_COMMA = YES;
				CLANG_WARN_CONSTANT_CONVERSION = YES;
				CLANG_WARN_DEPRECATED_OBJC_IMPLEMENTATIONS = YES;
				CLANG_WARN_DIRECT_OBJC_ISA_USAGE = YES_ERROR;
				CLANG_WARN_DOCUMENTATION_COMMENTS = YES;
				CLANG_WARN_EMPTY_BODY = YES;
				CLANG_WARN_ENUM_CONVERSION = YES;
				CLANG_WARN_INFINITE_RECURSION = YES;
				CLANG_WARN_INT_CONVERSION = YES;
				CLANG_WARN_NON_LITERAL_NULL_CONVERSION = YES;
				CLANG_WARN_OBJC_IMPLICIT_RETAIN_SELF = YES;
				CLANG_WARN_OBJC_LITERAL_CONVERSION = YES;
				CLANG_WARN_OBJC_ROOT_CLASS = YES_ERROR;
				CLANG_WARN_QUOTED_INCLUDE_IN_FRAMEWORK_HEADER = YES;
				CLANG_WARN_RANGE_LOOP_ANALYSIS = YES;
				CLANG_WARN_STRICT_PROTOTYPES = YES;
				CLANG_WARN_SUSPICIOUS_MOVE = YES;
				CLANG_WARN_UNGUARDED_AVAILABILITY = YES_AGGRESSIVE;
				CLANG_WARN_UNREACHABLE_CODE = YES;
				CLANG_WARN__DUPLICATE_METHOD_MATCH = YES;
				COPY_PHASE_STRIP = NO;
				DEBUG_INFORMATION_FORMAT = "dwarf-with-dsym";
				ENABLE_NS_ASSERTIONS = NO;
				ENABLE_STRICT_OBJC_MSGSEND = YES;
				ENABLE_USER_SCRIPT_SANDBOXING = YES;
				GCC_C_LANGUAGE_STANDARD = gnu17;
				GCC_NO_COMMON_BLOCKS = YES;
				GCC_WARN_64_TO_32_BIT_CONVERSION = YES;
				GCC_WARN_ABOUT_RETURN_TYPE = YES_ERROR;
				GCC_WARN_UNDECLARED_SELECTOR = YES;
				GCC_WARN_UNINITIALIZED_AUTOS = YES_AGGRESSIVE;
				GCC_WARN_UNUSED_FUNCTION = YES;
				GCC_WARN_UNUSED_VARIABLE = YES;
				IPHONEOS_DEPLOYMENT_TARGET = 17.5;
				LOCALIZATION_PREFERS_STRING_CATALOGS = YES;
				MTL_ENABLE_DEBUG_INFO = NO;
				MTL_FAST_MATH = YES;
				SDKROOT = iphoneos;
				SWIFT_COMPILATION_MODE = wholemodule;
				VALIDATE_PRODUCT = YES;
			};
			name = Release;
		};
		A5D8094E2C7156A400F2E6AF /* Debug */ = {
			isa = XCBuildConfiguration;
			buildSettings = {
				ASSETCATALOG_COMPILER_APPICON_NAME = AppIcon;
				ASSETCATALOG_COMPILER_GLOBAL_ACCENT_COLOR_NAME = AccentColor;
				CODE_SIGN_STYLE = Automatic;
				CURRENT_PROJECT_VERSION = 1;
				DEVELOPMENT_ASSET_PATHS = "\"UtilityBills/Preview Content\"";
				ENABLE_PREVIEWS = YES;
				GENERATE_INFOPLIST_FILE = YES;
				INFOPLIST_KEY_UIApplicationSceneManifest_Generation = YES;
				INFOPLIST_KEY_UIApplicationSupportsIndirectInputEvents = YES;
				INFOPLIST_KEY_UILaunchScreen_Generation = YES;
				INFOPLIST_KEY_UISupportedInterfaceOrientations_iPad = "UIInterfaceOrientationPortrait UIInterfaceOrientationPortraitUpsideDown UIInterfaceOrientationLandscapeLeft UIInterfaceOrientationLandscapeRight";
				INFOPLIST_KEY_UISupportedInterfaceOrientations_iPhone = "UIInterfaceOrientationPortrait UIInterfaceOrientationLandscapeLeft UIInterfaceOrientationLandscapeRight";
				LD_RUNPATH_SEARCH_PATHS = (
					"$(inherited)",
					"@executable_path/Frameworks",
				);
				MARKETING_VERSION = 1.0;
				PRODUCT_BUNDLE_IDENTIFIER = com.chelak.UtilityBills;
				PRODUCT_NAME = "$(TARGET_NAME)";
				SWIFT_EMIT_LOC_STRINGS = YES;
				SWIFT_VERSION = 5.0;
				TARGETED_DEVICE_FAMILY = "1,2";
			};
			name = Debug;
		};
		A5D8094F2C7156A400F2E6AF /* Release */ = {
			isa = XCBuildConfiguration;
			buildSettings = {
				ASSETCATALOG_COMPILER_APPICON_NAME = AppIcon;
				ASSETCATALOG_COMPILER_GLOBAL_ACCENT_COLOR_NAME = AccentColor;
				CODE_SIGN_STYLE = Automatic;
				CURRENT_PROJECT_VERSION = 1;
				DEVELOPMENT_ASSET_PATHS = "\"UtilityBills/Preview Content\"";
				ENABLE_PREVIEWS = YES;
				GENERATE_INFOPLIST_FILE = YES;
				INFOPLIST_KEY_UIApplicationSceneManifest_Generation = YES;
				INFOPLIST_KEY_UIApplicationSupportsIndirectInputEvents = YES;
				INFOPLIST_KEY_UILaunchScreen_Generation = YES;
				INFOPLIST_KEY_UISupportedInterfaceOrientations_iPad = "UIInterfaceOrientationPortrait UIInterfaceOrientationPortraitUpsideDown UIInterfaceOrientationLandscapeLeft UIInterfaceOrientationLandscapeRight";
				INFOPLIST_KEY_UISupportedInterfaceOrientations_iPhone = "UIInterfaceOrientationPortrait UIInterfaceOrientationLandscapeLeft UIInterfaceOrientationLandscapeRight";
				LD_RUNPATH_SEARCH_PATHS = (
					"$(inherited)",
					"@executable_path/Frameworks",
				);
				MARKETING_VERSION = 1.0;
				PRODUCT_BUNDLE_IDENTIFIER = com.chelak.UtilityBills;
				PRODUCT_NAME = "$(TARGET_NAME)";
				SWIFT_EMIT_LOC_STRINGS = YES;
				SWIFT_VERSION = 5.0;
				TARGETED_DEVICE_FAMILY = "1,2";
			};
			name = Release;
		};
		A5D809512C7156A400F2E6AF /* Debug */ = {
			isa = XCBuildConfiguration;
			buildSettings = {
				ALWAYS_EMBED_SWIFT_STANDARD_LIBRARIES = YES;
				BUNDLE_LOADER = "$(TEST_HOST)";
				CODE_SIGN_STYLE = Automatic;
				CURRENT_PROJECT_VERSION = 1;
				GENERATE_INFOPLIST_FILE = YES;
				IPHONEOS_DEPLOYMENT_TARGET = 17.5;
				MARKETING_VERSION = 1.0;
				PRODUCT_BUNDLE_IDENTIFIER = com.chelak.UtilityBillsTests;
				PRODUCT_NAME = "$(TARGET_NAME)";
				SWIFT_EMIT_LOC_STRINGS = NO;
				SWIFT_VERSION = 5.0;
				TARGETED_DEVICE_FAMILY = "1,2";
				TEST_HOST = "$(BUILT_PRODUCTS_DIR)/UtilityBills.app/$(BUNDLE_EXECUTABLE_FOLDER_PATH)/UtilityBills";
			};
			name = Debug;
		};
		A5D809522C7156A400F2E6AF /* Release */ = {
			isa = XCBuildConfiguration;
			buildSettings = {
				ALWAYS_EMBED_SWIFT_STANDARD_LIBRARIES = YES;
				BUNDLE_LOADER = "$(TEST_HOST)";
				CODE_SIGN_STYLE = Automatic;
				CURRENT_PROJECT_VERSION = 1;
				GENERATE_INFOPLIST_FILE = YES;
				IPHONEOS_DEPLOYMENT_TARGET = 17.5;
				MARKETING_VERSION = 1.0;
				PRODUCT_BUNDLE_IDENTIFIER = com.chelak.UtilityBillsTests;
				PRODUCT_NAME = "$(TARGET_NAME)";
				SWIFT_EMIT_LOC_STRINGS = NO;
				SWIFT_VERSION = 5.0;
				TARGETED_DEVICE_FAMILY = "1,2";
				TEST_HOST = "$(BUILT_PRODUCTS_DIR)/UtilityBills.app/$(BUNDLE_EXECUTABLE_FOLDER_PATH)/UtilityBills";
			};
			name = Release;
		};
		A5D809542C7156A400F2E6AF /* Debug */ = {
			isa = XCBuildConfiguration;
			buildSettings = {
				ALWAYS_EMBED_SWIFT_STANDARD_LIBRARIES = YES;
				CODE_SIGN_STYLE = Automatic;
				CURRENT_PROJECT_VERSION = 1;
				GENERATE_INFOPLIST_FILE = YES;
				MARKETING_VERSION = 1.0;
				PRODUCT_BUNDLE_IDENTIFIER = com.chelak.UtilityBillsUITests;
				PRODUCT_NAME = "$(TARGET_NAME)";
				SWIFT_EMIT_LOC_STRINGS = NO;
				SWIFT_VERSION = 5.0;
				TARGETED_DEVICE_FAMILY = "1,2";
				TEST_TARGET_NAME = UtilityBills;
			};
			name = Debug;
		};
		A5D809552C7156A400F2E6AF /* Release */ = {
			isa = XCBuildConfiguration;
			buildSettings = {
				ALWAYS_EMBED_SWIFT_STANDARD_LIBRARIES = YES;
				CODE_SIGN_STYLE = Automatic;
				CURRENT_PROJECT_VERSION = 1;
				GENERATE_INFOPLIST_FILE = YES;
				MARKETING_VERSION = 1.0;
				PRODUCT_BUNDLE_IDENTIFIER = com.chelak.UtilityBillsUITests;
				PRODUCT_NAME = "$(TARGET_NAME)";
				SWIFT_EMIT_LOC_STRINGS = NO;
				SWIFT_VERSION = 5.0;
				TARGETED_DEVICE_FAMILY = "1,2";
				TEST_TARGET_NAME = UtilityBills;
			};
			name = Release;
		};
/* End XCBuildConfiguration section */

/* Begin XCConfigurationList section */
		A5D809242C7156A300F2E6AF /* Build configuration list for PBXProject "UtilityBills" */ = {
			isa = XCConfigurationList;
			buildConfigurations = (
				A5D8094B2C7156A400F2E6AF /* Debug */,
				A5D8094C2C7156A400F2E6AF /* Release */,
			);
			defaultConfigurationIsVisible = 0;
			defaultConfigurationName = Release;
		};
		A5D8094D2C7156A400F2E6AF /* Build configuration list for PBXNativeTarget "UtilityBills" */ = {
			isa = XCConfigurationList;
			buildConfigurations = (
				A5D8094E2C7156A400F2E6AF /* Debug */,
				A5D8094F2C7156A400F2E6AF /* Release */,
			);
			defaultConfigurationIsVisible = 0;
			defaultConfigurationName = Release;
		};
		A5D809502C7156A400F2E6AF /* Build configuration list for PBXNativeTarget "UtilityBillsTests" */ = {
			isa = XCConfigurationList;
			buildConfigurations = (
				A5D809512C7156A400F2E6AF /* Debug */,
				A5D809522C7156A400F2E6AF /* Release */,
			);
			defaultConfigurationIsVisible = 0;
			defaultConfigurationName = Release;
		};
		A5D809532C7156A400F2E6AF /* Build configuration list for PBXNativeTarget "UtilityBillsUITests" */ = {
			isa = XCConfigurationList;
			buildConfigurations = (
				A5D809542C7156A400F2E6AF /* Debug */,
				A5D809552C7156A400F2E6AF /* Release */,
			);
			defaultConfigurationIsVisible = 0;
			defaultConfigurationName = Release;
		};
/* End XCConfigurationList section */
	};
	rootObject = A5D809212C7156A300F2E6AF /* Project object */;
}
