// !$*UTF8*$!
{
	archiveVersion = 1;
	classes = {
	};
	objectVersion = 56;
	objects = {

/* Begin PBXBuildFile section */
		A50302742C9CD65300033AE3 /* MetersDAO.swift in Sources */ = {isa = PBXBuildFile; fileRef = A50302712C9CD65300033AE3 /* MetersDAO.swift */; };
		A50302752C9CD65300033AE3 /* PropertyObjectDAO.swift in Sources */ = {isa = PBXBuildFile; fileRef = A50302722C9CD65300033AE3 /* PropertyObjectDAO.swift */; };
		A50302772C9CD71600033AE3 /* LocalStorage+MetersDAO.swift in Sources */ = {isa = PBXBuildFile; fileRef = A50302762C9CD71600033AE3 /* LocalStorage+MetersDAO.swift */; };
		A50302792C9CD77F00033AE3 /* Mappers.swift in Sources */ = {isa = PBXBuildFile; fileRef = A50302782C9CD77F00033AE3 /* Mappers.swift */; };
		A503027B2C9CD7D900033AE3 /* TariffDAO.swift in Sources */ = {isa = PBXBuildFile; fileRef = A503027A2C9CD7D900033AE3 /* TariffDAO.swift */; };
		A503027D2C9CD81600033AE3 /* LocalStorage+TariffDAO.swift in Sources */ = {isa = PBXBuildFile; fileRef = A503027C2C9CD81600033AE3 /* LocalStorage+TariffDAO.swift */; };
		A503027F2C9CD8B300033AE3 /* NSPredicate+CoreData.swift in Sources */ = {isa = PBXBuildFile; fileRef = A503027E2C9CD8B300033AE3 /* NSPredicate+CoreData.swift */; };
		A51082B22CA0934100103E76 /* PropertyObjectViewModel.swift in Sources */ = {isa = PBXBuildFile; fileRef = A51082B12CA0934100103E76 /* PropertyObjectViewModel.swift */; };
		A51082BB2CA2D4F300103E76 /* PropertiesView.swift in Sources */ = {isa = PBXBuildFile; fileRef = A51082BA2CA2D4F300103E76 /* PropertiesView.swift */; };
		A51082BD2CA2D4FD00103E76 /* PropertiesViewModel.swift in Sources */ = {isa = PBXBuildFile; fileRef = A51082BC2CA2D4FD00103E76 /* PropertiesViewModel.swift */; };
		A51082BF2CA2D7D100103E76 /* CommonListViewModel.swift in Sources */ = {isa = PBXBuildFile; fileRef = A51082BE2CA2D7D100103E76 /* CommonListViewModel.swift */; };
		A51082C32CA2DC2800103E76 /* AlertErrorViewModifier.swift in Sources */ = {isa = PBXBuildFile; fileRef = A51082C22CA2DC2800103E76 /* AlertErrorViewModifier.swift */; };
		A51082C72CA2E7C200103E76 /* AddMeterViewModel.swift in Sources */ = {isa = PBXBuildFile; fileRef = A51082C62CA2E7C200103E76 /* AddMeterViewModel.swift */; };
		A51082C92CA2FB0F00103E76 /* MeterValuesListView.swift in Sources */ = {isa = PBXBuildFile; fileRef = A51082C82CA2FB0F00103E76 /* MeterValuesListView.swift */; };
		A51082CB2CA2FB1E00103E76 /* MeterValuesListViewModel.swift in Sources */ = {isa = PBXBuildFile; fileRef = A51082CA2CA2FB1E00103E76 /* MeterValuesListViewModel.swift */; };
		A51082CD2CA3269D00103E76 /* MeterValueView.swift in Sources */ = {isa = PBXBuildFile; fileRef = A51082CC2CA3269D00103E76 /* MeterValueView.swift */; };
		A51082CF2CA3277000103E76 /* MeterValueViewModel.swift in Sources */ = {isa = PBXBuildFile; fileRef = A51082CE2CA3277000103E76 /* MeterValueViewModel.swift */; };
		A51082D22CA463AF00103E76 /* SectionListView.swift in Sources */ = {isa = PBXBuildFile; fileRef = A51082D12CA463AF00103E76 /* SectionListView.swift */; };
		A51082D52CA4698C00103E76 /* ManageTariffView.swift in Sources */ = {isa = PBXBuildFile; fileRef = A51082D42CA4698C00103E76 /* ManageTariffView.swift */; };
		A51082D72CA4699800103E76 /* ManageTariffViewModel.swift in Sources */ = {isa = PBXBuildFile; fileRef = A51082D62CA4699800103E76 /* ManageTariffViewModel.swift */; };
		A51082DA2CA4864C00103E76 /* BitmaskUtils.swift in Sources */ = {isa = PBXBuildFile; fileRef = A51082D92CA4864C00103E76 /* BitmaskUtils.swift */; };
		A51082DC2CA4878C00103E76 /* BitMaskUtilsTest.swift in Sources */ = {isa = PBXBuildFile; fileRef = A51082DB2CA4878C00103E76 /* BitMaskUtilsTest.swift */; };
		A51082E22CA7040E00103E76 /* PropertySettingsViewModel.swift in Sources */ = {isa = PBXBuildFile; fileRef = A51082E02CA703B300103E76 /* PropertySettingsViewModel.swift */; };
		A51082E32CA7044100103E76 /* PropertySettingsView.swift in Sources */ = {isa = PBXBuildFile; fileRef = A51082DE2CA7039B00103E76 /* PropertySettingsView.swift */; };
		A51082E52CA7170A00103E76 /* LocalStorage+BillMapDAO.swift in Sources */ = {isa = PBXBuildFile; fileRef = A51082E42CA7170A00103E76 /* LocalStorage+BillMapDAO.swift */; };
		A51082E72CA7172F00103E76 /* BillMapDAO.swift in Sources */ = {isa = PBXBuildFile; fileRef = A51082E62CA7172F00103E76 /* BillMapDAO.swift */; };
		A51082ED2CA74B6000103E76 /* EditMeterView.swift in Sources */ = {isa = PBXBuildFile; fileRef = A51082EC2CA74B6000103E76 /* EditMeterView.swift */; };
		A51082EF2CA74B7000103E76 /* EditMeterViewModel.swift in Sources */ = {isa = PBXBuildFile; fileRef = A51082EE2CA74B7000103E76 /* EditMeterViewModel.swift */; };
		A51082F22CA8591100103E76 /* ChoiceView.swift in Sources */ = {isa = PBXBuildFile; fileRef = A51082F12CA8591100103E76 /* ChoiceView.swift */; };
		A51082F42CA8594A00103E76 /* ChoiceViewModel.swift in Sources */ = {isa = PBXBuildFile; fileRef = A51082F32CA8594A00103E76 /* ChoiceViewModel.swift */; };
		A51082F82CA863A500103E76 /* ChoiceCellViewModifier.swift in Sources */ = {isa = PBXBuildFile; fileRef = A51082F72CA863A500103E76 /* ChoiceCellViewModifier.swift */; };
		A51082FA2CA86B2F00103E76 /* ManagePropertyObjectViewModel.swift in Sources */ = {isa = PBXBuildFile; fileRef = A51082F92CA86B2F00103E76 /* ManagePropertyObjectViewModel.swift */; };
		A51082FC2CA8708B00103E76 /* BillingMapView.swift in Sources */ = {isa = PBXBuildFile; fileRef = A51082FB2CA8708B00103E76 /* BillingMapView.swift */; };
		A51082FE2CA870F700103E76 /* BillingMapViewModel.swift in Sources */ = {isa = PBXBuildFile; fileRef = A51082FD2CA870F700103E76 /* BillingMapViewModel.swift */; };
		A51083002CA8715A00103E76 /* PopoverTitleViewModifier.swift in Sources */ = {isa = PBXBuildFile; fileRef = A51082FF2CA8715A00103E76 /* PopoverTitleViewModifier.swift */; };
		A51083022CAB0F3100103E76 /* ControlAction.swift in Sources */ = {isa = PBXBuildFile; fileRef = A51083012CAB0F3100103E76 /* ControlAction.swift */; };
		A51083042CAB1D5800103E76 /* ViewModel.swift in Sources */ = {isa = PBXBuildFile; fileRef = A51083032CAB1D5700103E76 /* ViewModel.swift */; };
		A51083092CAB209100103E76 /* ControlButtonsView.swift in Sources */ = {isa = PBXBuildFile; fileRef = A51083082CAB209100103E76 /* ControlButtonsView.swift */; };
		A510830B2CAB265B00103E76 /* UtilityBillsError.swift in Sources */ = {isa = PBXBuildFile; fileRef = A510830A2CAB265B00103E76 /* UtilityBillsError.swift */; };
		A510830D2CAC65FD00103E76 /* Bill.swift in Sources */ = {isa = PBXBuildFile; fileRef = A510830C2CAC65FD00103E76 /* Bill.swift */; };
		A510830F2CAC693C00103E76 /* BillDAO.swift in Sources */ = {isa = PBXBuildFile; fileRef = A510830E2CAC693C00103E76 /* BillDAO.swift */; };
		A51083112CAC695900103E76 /* LocalStorage+BillDAO.swift in Sources */ = {isa = PBXBuildFile; fileRef = A51083102CAC695900103E76 /* LocalStorage+BillDAO.swift */; };
		A51083142CAD8A7500103E76 /* GenerateBillView.swift in Sources */ = {isa = PBXBuildFile; fileRef = A51083132CAD8A7500103E76 /* GenerateBillView.swift */; };
		A51083192CAD928B00103E76 /* FlowDelegates.swift in Sources */ = {isa = PBXBuildFile; fileRef = A51083182CAD928B00103E76 /* FlowDelegates.swift */; };
		A510831C2CAD9D1200103E76 /* UpdatePublisherMock.swift in Sources */ = {isa = PBXBuildFile; fileRef = A510831B2CAD9D1200103E76 /* UpdatePublisherMock.swift */; };
		A510831E2CAD9D7600103E76 /* PropertyObjectViewModelMock.swift in Sources */ = {isa = PBXBuildFile; fileRef = A510831D2CAD9D7600103E76 /* PropertyObjectViewModelMock.swift */; };
		A51083222CADA48200103E76 /* MeterValuesListViewModelMock.swift in Sources */ = {isa = PBXBuildFile; fileRef = A51083212CADA48200103E76 /* MeterValuesListViewModelMock.swift */; };
		A51083242CADCAE100103E76 /* PropertySettingsViewModelMock.swift in Sources */ = {isa = PBXBuildFile; fileRef = A51083232CADCAE100103E76 /* PropertySettingsViewModelMock.swift */; };
		A51083262CAEAE3600103E76 /* GenerateBillViewModel.swift in Sources */ = {isa = PBXBuildFile; fileRef = A51083252CAEAE3600103E76 /* GenerateBillViewModel.swift */; };
		A510832A2CAEC5DC00103E76 /* CalculateFlow.swift in Sources */ = {isa = PBXBuildFile; fileRef = A51083292CAEC5DC00103E76 /* CalculateFlow.swift */; };
		A510832C2CAEFD5200103E76 /* MeterUtils.swift in Sources */ = {isa = PBXBuildFile; fileRef = A510832B2CAEFD5200103E76 /* MeterUtils.swift */; };
		A510832E2CAF021C00103E76 /* MeterUtilsTest.swift in Sources */ = {isa = PBXBuildFile; fileRef = A510832D2CAF021C00103E76 /* MeterUtilsTest.swift */; };
		A51083302CAF088700103E76 /* Date+Utils.swift in Sources */ = {isa = PBXBuildFile; fileRef = A510832F2CAF088700103E76 /* Date+Utils.swift */; };
		A51083322CB043F800103E76 /* ModifyBillRecordView.swift in Sources */ = {isa = PBXBuildFile; fileRef = A51083312CB043F800103E76 /* ModifyBillRecordView.swift */; };
		A51083342CB0440400103E76 /* ModifyBillRecordViewModel.swift in Sources */ = {isa = PBXBuildFile; fileRef = A51083332CB0440400103E76 /* ModifyBillRecordViewModel.swift */; };
		A510833D2CB140B900103E76 /* ViewHolder.swift in Sources */ = {isa = PBXBuildFile; fileRef = A510833C2CB140B900103E76 /* ViewHolder.swift */; };
		A51083402CB14D4600103E76 /* NavigationView.swift in Sources */ = {isa = PBXBuildFile; fileRef = A510833F2CB14D4600103E76 /* NavigationView.swift */; };
		A51083422CB14D6800103E76 /* NavigationViewModel.swift in Sources */ = {isa = PBXBuildFile; fileRef = A51083412CB14D6800103E76 /* NavigationViewModel.swift */; };
		A51083442CB14DE400103E76 /* StackNavigation.swift in Sources */ = {isa = PBXBuildFile; fileRef = A51083432CB14DE400103E76 /* StackNavigation.swift */; };
		A51083472CB14E0400103E76 /* Flow.swift in Sources */ = {isa = PBXBuildFile; fileRef = A51083462CB14E0400103E76 /* Flow.swift */; };
		A51083492CB14FBA00103E76 /* ViewFactory.swift in Sources */ = {isa = PBXBuildFile; fileRef = A51083482CB14FBA00103E76 /* ViewFactory.swift */; };
		A510834D2CB178C000103E76 /* MainFlow.swift in Sources */ = {isa = PBXBuildFile; fileRef = A510834C2CB178C000103E76 /* MainFlow.swift */; };
		A510834F2CB1792300103E76 /* PropertyObjectFlow.swift in Sources */ = {isa = PBXBuildFile; fileRef = A510834E2CB1792300103E76 /* PropertyObjectFlow.swift */; };
		A51083522CB18B5500103E76 /* iOSViewFactory.swift in Sources */ = {isa = PBXBuildFile; fileRef = A51083512CB18B5500103E76 /* iOSViewFactory.swift */; };
		A51083542CB19A6A00103E76 /* DirtyBillStorage.swift in Sources */ = {isa = PBXBuildFile; fileRef = A51083532CB19A6A00103E76 /* DirtyBillStorage.swift */; };
		A51083582CB2B52600103E76 /* BillListView.swift in Sources */ = {isa = PBXBuildFile; fileRef = A51083572CB2B52600103E76 /* BillListView.swift */; };
		A510835A2CB2B54300103E76 /* BillListViewModel.swift in Sources */ = {isa = PBXBuildFile; fileRef = A51083592CB2B54300103E76 /* BillListViewModel.swift */; };
		A510835C2CB2C06100103E76 /* BillDetailsView.swift in Sources */ = {isa = PBXBuildFile; fileRef = A510835B2CB2C06100103E76 /* BillDetailsView.swift */; };
		A510835E2CB2C07300103E76 /* BillDetailsViewModel.swift in Sources */ = {isa = PBXBuildFile; fileRef = A510835D2CB2C07300103E76 /* BillDetailsViewModel.swift */; };
		A51FF4672CB5590900C71C12 /* BadgeViewModifier.swift in Sources */ = {isa = PBXBuildFile; fileRef = A51FF4662CB5590900C71C12 /* BadgeViewModifier.swift */; };
		A51FF4692CB55F9200C71C12 /* DashboardData.swift in Sources */ = {isa = PBXBuildFile; fileRef = A51FF4682CB55F9200C71C12 /* DashboardData.swift */; };
		A51FF46B2CB56E6400C71C12 /* Issue.swift in Sources */ = {isa = PBXBuildFile; fileRef = A51FF46A2CB56E6400C71C12 /* Issue.swift */; };
		A51FF46D2CB577B500C71C12 /* IssuesListView.swift in Sources */ = {isa = PBXBuildFile; fileRef = A51FF46C2CB577B500C71C12 /* IssuesListView.swift */; };
		A51FF46F2CB577C000C71C12 /* IssuesListViewModel.swift in Sources */ = {isa = PBXBuildFile; fileRef = A51FF46E2CB577C000C71C12 /* IssuesListViewModel.swift */; };
		A51FF4732CB5849D00C71C12 /* MeterTest.swift in Sources */ = {isa = PBXBuildFile; fileRef = A51FF4722CB5849D00C71C12 /* MeterTest.swift */; };
		A51FF4752CB5AB3100C71C12 /* IssueView.swift in Sources */ = {isa = PBXBuildFile; fileRef = A51FF4742CB5AB3100C71C12 /* IssueView.swift */; };
		A540DD212C7F6FE800F5624E /* PropertyObject.swift in Sources */ = {isa = PBXBuildFile; fileRef = A540DD202C7F6FE800F5624E /* PropertyObject.swift */; };
		A540DD252C7F711B00F5624E /* Meter.swift in Sources */ = {isa = PBXBuildFile; fileRef = A540DD242C7F711B00F5624E /* Meter.swift */; };
		A540DD272C7F718800F5624E /* Tariff.swift in Sources */ = {isa = PBXBuildFile; fileRef = A540DD262C7F718800F5624E /* Tariff.swift */; };
		A540DD292C7F729700F5624E /* BillingMap.swift in Sources */ = {isa = PBXBuildFile; fileRef = A540DD282C7F729700F5624E /* BillingMap.swift */; };
		A540DD3C2C7F8CF100F5624E /* LocalStorage.swift in Sources */ = {isa = PBXBuildFile; fileRef = A540DD3B2C7F8CF100F5624E /* LocalStorage.swift */; };
		A55C633A2C7FB67B00F66741 /* HomeCardView.swift in Sources */ = {isa = PBXBuildFile; fileRef = A55C63392C7FB67B00F66741 /* HomeCardView.swift */; };
		A55C635B2C83808800F66741 /* LocalStorageModel.xcdatamodeld in Sources */ = {isa = PBXBuildFile; fileRef = A55C63592C83808800F66741 /* LocalStorageModel.xcdatamodeld */; };
		A55C635D2C8384AC00F66741 /* LocalStorage+PropertyObjectDAO.swift in Sources */ = {isa = PBXBuildFile; fileRef = A55C635C2C8384AC00F66741 /* LocalStorage+PropertyObjectDAO.swift */; };
		A55C635F2C838AD600F66741 /* LocalStorageTest.swift in Sources */ = {isa = PBXBuildFile; fileRef = A55C635E2C838AD600F66741 /* LocalStorageTest.swift */; };
		A5AF03C32CB6CD0E000E5E58 /* MockUtils.swift in Sources */ = {isa = PBXBuildFile; fileRef = A5AF03C22CB6CD0E000E5E58 /* MockUtils.swift */; };
		A5D8092D2C7156A300F2E6AF /* UtilityBillsApp.swift in Sources */ = {isa = PBXBuildFile; fileRef = A5D8092C2C7156A300F2E6AF /* UtilityBillsApp.swift */; };
		A5D809312C7156A300F2E6AF /* Assets.xcassets in Resources */ = {isa = PBXBuildFile; fileRef = A5D809302C7156A300F2E6AF /* Assets.xcassets */; };
		A5D809342C7156A300F2E6AF /* Preview Assets.xcassets in Resources */ = {isa = PBXBuildFile; fileRef = A5D809332C7156A300F2E6AF /* Preview Assets.xcassets */; };
		A5D809482C7156A400F2E6AF /* UtilityBillsUITests.swift in Sources */ = {isa = PBXBuildFile; fileRef = A5D809472C7156A400F2E6AF /* UtilityBillsUITests.swift */; };
		A5D8094A2C7156A400F2E6AF /* UtilityBillsUITestsLaunchTests.swift in Sources */ = {isa = PBXBuildFile; fileRef = A5D809492C7156A400F2E6AF /* UtilityBillsUITestsLaunchTests.swift */; };
		A5E00B7E2C8F6D78002BC8EF /* ManagePropertyObjectView.swift in Sources */ = {isa = PBXBuildFile; fileRef = A5E00B7D2C8F6D78002BC8EF /* ManagePropertyObjectView.swift */; };
		A5E00B802C8F9347002BC8EF /* InputStyleViewModifier.swift in Sources */ = {isa = PBXBuildFile; fileRef = A5E00B7F2C8F9347002BC8EF /* InputStyleViewModifier.swift */; };
		A5E00B822C8F9726002BC8EF /* CTAButton.swift in Sources */ = {isa = PBXBuildFile; fileRef = A5E00B812C8F9726002BC8EF /* CTAButton.swift */; };
		A5E00B842C8FA291002BC8EF /* StorageWatcher.swift in Sources */ = {isa = PBXBuildFile; fileRef = A5E00B832C8FA291002BC8EF /* StorageWatcher.swift */; };
		A5E00B862C8FB4D9002BC8EF /* CaptionValueCell.swift in Sources */ = {isa = PBXBuildFile; fileRef = A5E00B852C8FB4D9002BC8EF /* CaptionValueCell.swift */; };
		A5E00B882C905104002BC8EF /* AddMeterView.swift in Sources */ = {isa = PBXBuildFile; fileRef = A5E00B872C905104002BC8EF /* AddMeterView.swift */; };
		A5E00B8E2C90757F002BC8EF /* MeterValue.swift in Sources */ = {isa = PBXBuildFile; fileRef = A5E00B8D2C90757F002BC8EF /* MeterValue.swift */; };
		A5F944372C8CC4F600A5FD47 /* UBImage.swift in Sources */ = {isa = PBXBuildFile; fileRef = A5F944362C8CC4F600A5FD47 /* UBImage.swift */; };
		A5F9443D2C8D0D1700A5FD47 /* TitleSubtitleCell.swift in Sources */ = {isa = PBXBuildFile; fileRef = A5F9443C2C8D0D1700A5FD47 /* TitleSubtitleCell.swift */; };
		A5F9443F2C8D130E00A5FD47 /* PropertyObjectView.swift in Sources */ = {isa = PBXBuildFile; fileRef = A5F9443E2C8D130E00A5FD47 /* PropertyObjectView.swift */; };
		A5F944422C8F5D2400A5FD47 /* SectionHeaderView.swift in Sources */ = {isa = PBXBuildFile; fileRef = A5F944412C8F5D2400A5FD47 /* SectionHeaderView.swift */; };
		A5F944442C8F5F9000A5FD47 /* SectionViewModifier.swift in Sources */ = {isa = PBXBuildFile; fileRef = A5F944432C8F5F9000A5FD47 /* SectionViewModifier.swift */; };
		A5F944462C8F629500A5FD47 /* PropertyInfoView.swift in Sources */ = {isa = PBXBuildFile; fileRef = A5F944452C8F629500A5FD47 /* PropertyInfoView.swift */; };
/* End PBXBuildFile section */

/* Begin PBXContainerItemProxy section */
		A5D8093A2C7156A400F2E6AF /* PBXContainerItemProxy */ = {
			isa = PBXContainerItemProxy;
			containerPortal = A5D809212C7156A300F2E6AF /* Project object */;
			proxyType = 1;
			remoteGlobalIDString = A5D809282C7156A300F2E6AF;
			remoteInfo = UtilityBills;
		};
		A5D809442C7156A400F2E6AF /* PBXContainerItemProxy */ = {
			isa = PBXContainerItemProxy;
			containerPortal = A5D809212C7156A300F2E6AF /* Project object */;
			proxyType = 1;
			remoteGlobalIDString = A5D809282C7156A300F2E6AF;
			remoteInfo = UtilityBills;
		};
/* End PBXContainerItemProxy section */

/* Begin PBXFileReference section */
		A50302712C9CD65300033AE3 /* MetersDAO.swift */ = {isa = PBXFileReference; fileEncoding = 4; lastKnownFileType = sourcecode.swift; path = MetersDAO.swift; sourceTree = "<group>"; };
		A50302722C9CD65300033AE3 /* PropertyObjectDAO.swift */ = {isa = PBXFileReference; fileEncoding = 4; lastKnownFileType = sourcecode.swift; path = PropertyObjectDAO.swift; sourceTree = "<group>"; };
		A50302762C9CD71600033AE3 /* LocalStorage+MetersDAO.swift */ = {isa = PBXFileReference; lastKnownFileType = sourcecode.swift; path = "LocalStorage+MetersDAO.swift"; sourceTree = "<group>"; };
		A50302782C9CD77F00033AE3 /* Mappers.swift */ = {isa = PBXFileReference; lastKnownFileType = sourcecode.swift; path = Mappers.swift; sourceTree = "<group>"; };
		A503027A2C9CD7D900033AE3 /* TariffDAO.swift */ = {isa = PBXFileReference; lastKnownFileType = sourcecode.swift; path = TariffDAO.swift; sourceTree = "<group>"; };
		A503027C2C9CD81600033AE3 /* LocalStorage+TariffDAO.swift */ = {isa = PBXFileReference; lastKnownFileType = sourcecode.swift; path = "LocalStorage+TariffDAO.swift"; sourceTree = "<group>"; };
		A503027E2C9CD8B300033AE3 /* NSPredicate+CoreData.swift */ = {isa = PBXFileReference; lastKnownFileType = sourcecode.swift; path = "NSPredicate+CoreData.swift"; sourceTree = "<group>"; };
		A51082B12CA0934100103E76 /* PropertyObjectViewModel.swift */ = {isa = PBXFileReference; lastKnownFileType = sourcecode.swift; path = PropertyObjectViewModel.swift; sourceTree = "<group>"; };
		A51082BA2CA2D4F300103E76 /* PropertiesView.swift */ = {isa = PBXFileReference; lastKnownFileType = sourcecode.swift; path = PropertiesView.swift; sourceTree = "<group>"; };
		A51082BC2CA2D4FD00103E76 /* PropertiesViewModel.swift */ = {isa = PBXFileReference; lastKnownFileType = sourcecode.swift; path = PropertiesViewModel.swift; sourceTree = "<group>"; };
		A51082BE2CA2D7D100103E76 /* CommonListViewModel.swift */ = {isa = PBXFileReference; lastKnownFileType = sourcecode.swift; path = CommonListViewModel.swift; sourceTree = "<group>"; };
		A51082C22CA2DC2800103E76 /* AlertErrorViewModifier.swift */ = {isa = PBXFileReference; lastKnownFileType = sourcecode.swift; path = AlertErrorViewModifier.swift; sourceTree = "<group>"; };
		A51082C62CA2E7C200103E76 /* AddMeterViewModel.swift */ = {isa = PBXFileReference; lastKnownFileType = sourcecode.swift; path = AddMeterViewModel.swift; sourceTree = "<group>"; };
		A51082C82CA2FB0F00103E76 /* MeterValuesListView.swift */ = {isa = PBXFileReference; lastKnownFileType = sourcecode.swift; path = MeterValuesListView.swift; sourceTree = "<group>"; };
		A51082CA2CA2FB1E00103E76 /* MeterValuesListViewModel.swift */ = {isa = PBXFileReference; lastKnownFileType = sourcecode.swift; path = MeterValuesListViewModel.swift; sourceTree = "<group>"; };
		A51082CC2CA3269D00103E76 /* MeterValueView.swift */ = {isa = PBXFileReference; lastKnownFileType = sourcecode.swift; path = MeterValueView.swift; sourceTree = "<group>"; };
		A51082CE2CA3277000103E76 /* MeterValueViewModel.swift */ = {isa = PBXFileReference; lastKnownFileType = sourcecode.swift; path = MeterValueViewModel.swift; sourceTree = "<group>"; };
		A51082D12CA463AF00103E76 /* SectionListView.swift */ = {isa = PBXFileReference; lastKnownFileType = sourcecode.swift; path = SectionListView.swift; sourceTree = "<group>"; };
		A51082D42CA4698C00103E76 /* ManageTariffView.swift */ = {isa = PBXFileReference; lastKnownFileType = sourcecode.swift; path = ManageTariffView.swift; sourceTree = "<group>"; };
		A51082D62CA4699800103E76 /* ManageTariffViewModel.swift */ = {isa = PBXFileReference; lastKnownFileType = sourcecode.swift; path = ManageTariffViewModel.swift; sourceTree = "<group>"; };
		A51082D92CA4864C00103E76 /* BitmaskUtils.swift */ = {isa = PBXFileReference; lastKnownFileType = sourcecode.swift; path = BitmaskUtils.swift; sourceTree = "<group>"; };
		A51082DB2CA4878C00103E76 /* BitMaskUtilsTest.swift */ = {isa = PBXFileReference; lastKnownFileType = sourcecode.swift; path = BitMaskUtilsTest.swift; sourceTree = "<group>"; };
		A51082DE2CA7039B00103E76 /* PropertySettingsView.swift */ = {isa = PBXFileReference; lastKnownFileType = sourcecode.swift; path = PropertySettingsView.swift; sourceTree = "<group>"; };
		A51082E02CA703B300103E76 /* PropertySettingsViewModel.swift */ = {isa = PBXFileReference; lastKnownFileType = sourcecode.swift; path = PropertySettingsViewModel.swift; sourceTree = "<group>"; };
		A51082E42CA7170A00103E76 /* LocalStorage+BillMapDAO.swift */ = {isa = PBXFileReference; lastKnownFileType = sourcecode.swift; path = "LocalStorage+BillMapDAO.swift"; sourceTree = "<group>"; };
		A51082E62CA7172F00103E76 /* BillMapDAO.swift */ = {isa = PBXFileReference; lastKnownFileType = sourcecode.swift; path = BillMapDAO.swift; sourceTree = "<group>"; };
		A51082EC2CA74B6000103E76 /* EditMeterView.swift */ = {isa = PBXFileReference; lastKnownFileType = sourcecode.swift; path = EditMeterView.swift; sourceTree = "<group>"; };
		A51082EE2CA74B7000103E76 /* EditMeterViewModel.swift */ = {isa = PBXFileReference; lastKnownFileType = sourcecode.swift; path = EditMeterViewModel.swift; sourceTree = "<group>"; };
		A51082F12CA8591100103E76 /* ChoiceView.swift */ = {isa = PBXFileReference; lastKnownFileType = sourcecode.swift; path = ChoiceView.swift; sourceTree = "<group>"; };
		A51082F32CA8594A00103E76 /* ChoiceViewModel.swift */ = {isa = PBXFileReference; lastKnownFileType = sourcecode.swift; path = ChoiceViewModel.swift; sourceTree = "<group>"; };
		A51082F72CA863A500103E76 /* ChoiceCellViewModifier.swift */ = {isa = PBXFileReference; lastKnownFileType = sourcecode.swift; path = ChoiceCellViewModifier.swift; sourceTree = "<group>"; };
		A51082F92CA86B2F00103E76 /* ManagePropertyObjectViewModel.swift */ = {isa = PBXFileReference; lastKnownFileType = sourcecode.swift; path = ManagePropertyObjectViewModel.swift; sourceTree = "<group>"; };
		A51082FB2CA8708B00103E76 /* BillingMapView.swift */ = {isa = PBXFileReference; lastKnownFileType = sourcecode.swift; path = BillingMapView.swift; sourceTree = "<group>"; };
		A51082FD2CA870F700103E76 /* BillingMapViewModel.swift */ = {isa = PBXFileReference; lastKnownFileType = sourcecode.swift; path = BillingMapViewModel.swift; sourceTree = "<group>"; };
		A51082FF2CA8715A00103E76 /* PopoverTitleViewModifier.swift */ = {isa = PBXFileReference; lastKnownFileType = sourcecode.swift; path = PopoverTitleViewModifier.swift; sourceTree = "<group>"; };
		A51083012CAB0F3100103E76 /* ControlAction.swift */ = {isa = PBXFileReference; lastKnownFileType = sourcecode.swift; path = ControlAction.swift; sourceTree = "<group>"; };
		A51083032CAB1D5700103E76 /* ViewModel.swift */ = {isa = PBXFileReference; lastKnownFileType = sourcecode.swift; path = ViewModel.swift; sourceTree = "<group>"; };
		A51083082CAB209100103E76 /* ControlButtonsView.swift */ = {isa = PBXFileReference; lastKnownFileType = sourcecode.swift; path = ControlButtonsView.swift; sourceTree = "<group>"; };
		A510830A2CAB265B00103E76 /* UtilityBillsError.swift */ = {isa = PBXFileReference; lastKnownFileType = sourcecode.swift; path = UtilityBillsError.swift; sourceTree = "<group>"; };
		A510830C2CAC65FD00103E76 /* Bill.swift */ = {isa = PBXFileReference; lastKnownFileType = sourcecode.swift; path = Bill.swift; sourceTree = "<group>"; };
		A510830E2CAC693C00103E76 /* BillDAO.swift */ = {isa = PBXFileReference; lastKnownFileType = sourcecode.swift; path = BillDAO.swift; sourceTree = "<group>"; };
		A51083102CAC695900103E76 /* LocalStorage+BillDAO.swift */ = {isa = PBXFileReference; lastKnownFileType = sourcecode.swift; path = "LocalStorage+BillDAO.swift"; sourceTree = "<group>"; };
		A51083132CAD8A7500103E76 /* GenerateBillView.swift */ = {isa = PBXFileReference; lastKnownFileType = sourcecode.swift; path = GenerateBillView.swift; sourceTree = "<group>"; };
		A51083182CAD928B00103E76 /* FlowDelegates.swift */ = {isa = PBXFileReference; lastKnownFileType = sourcecode.swift; path = FlowDelegates.swift; sourceTree = "<group>"; };
		A510831B2CAD9D1200103E76 /* UpdatePublisherMock.swift */ = {isa = PBXFileReference; lastKnownFileType = sourcecode.swift; path = UpdatePublisherMock.swift; sourceTree = "<group>"; };
		A510831D2CAD9D7600103E76 /* PropertyObjectViewModelMock.swift */ = {isa = PBXFileReference; lastKnownFileType = sourcecode.swift; path = PropertyObjectViewModelMock.swift; sourceTree = "<group>"; };
		A51083212CADA48200103E76 /* MeterValuesListViewModelMock.swift */ = {isa = PBXFileReference; lastKnownFileType = sourcecode.swift; path = MeterValuesListViewModelMock.swift; sourceTree = "<group>"; };
		A51083232CADCAE100103E76 /* PropertySettingsViewModelMock.swift */ = {isa = PBXFileReference; lastKnownFileType = sourcecode.swift; path = PropertySettingsViewModelMock.swift; sourceTree = "<group>"; };
		A51083252CAEAE3600103E76 /* GenerateBillViewModel.swift */ = {isa = PBXFileReference; lastKnownFileType = sourcecode.swift; path = GenerateBillViewModel.swift; sourceTree = "<group>"; };
		A51083292CAEC5DC00103E76 /* CalculateFlow.swift */ = {isa = PBXFileReference; lastKnownFileType = sourcecode.swift; path = CalculateFlow.swift; sourceTree = "<group>"; };
		A510832B2CAEFD5200103E76 /* MeterUtils.swift */ = {isa = PBXFileReference; lastKnownFileType = sourcecode.swift; path = MeterUtils.swift; sourceTree = "<group>"; };
		A510832D2CAF021C00103E76 /* MeterUtilsTest.swift */ = {isa = PBXFileReference; lastKnownFileType = sourcecode.swift; path = MeterUtilsTest.swift; sourceTree = "<group>"; };
		A510832F2CAF088700103E76 /* Date+Utils.swift */ = {isa = PBXFileReference; lastKnownFileType = sourcecode.swift; path = "Date+Utils.swift"; sourceTree = "<group>"; };
		A51083312CB043F800103E76 /* ModifyBillRecordView.swift */ = {isa = PBXFileReference; lastKnownFileType = sourcecode.swift; path = ModifyBillRecordView.swift; sourceTree = "<group>"; };
		A51083332CB0440400103E76 /* ModifyBillRecordViewModel.swift */ = {isa = PBXFileReference; lastKnownFileType = sourcecode.swift; path = ModifyBillRecordViewModel.swift; sourceTree = "<group>"; };
		A510833C2CB140B900103E76 /* ViewHolder.swift */ = {isa = PBXFileReference; lastKnownFileType = sourcecode.swift; path = ViewHolder.swift; sourceTree = "<group>"; };
		A510833F2CB14D4600103E76 /* NavigationView.swift */ = {isa = PBXFileReference; lastKnownFileType = sourcecode.swift; path = NavigationView.swift; sourceTree = "<group>"; };
		A51083412CB14D6800103E76 /* NavigationViewModel.swift */ = {isa = PBXFileReference; lastKnownFileType = sourcecode.swift; path = NavigationViewModel.swift; sourceTree = "<group>"; };
		A51083432CB14DE400103E76 /* StackNavigation.swift */ = {isa = PBXFileReference; lastKnownFileType = sourcecode.swift; path = StackNavigation.swift; sourceTree = "<group>"; };
		A51083462CB14E0400103E76 /* Flow.swift */ = {isa = PBXFileReference; lastKnownFileType = sourcecode.swift; path = Flow.swift; sourceTree = "<group>"; };
		A51083482CB14FBA00103E76 /* ViewFactory.swift */ = {isa = PBXFileReference; lastKnownFileType = sourcecode.swift; path = ViewFactory.swift; sourceTree = "<group>"; };
		A510834C2CB178C000103E76 /* MainFlow.swift */ = {isa = PBXFileReference; lastKnownFileType = sourcecode.swift; path = MainFlow.swift; sourceTree = "<group>"; };
		A510834E2CB1792300103E76 /* PropertyObjectFlow.swift */ = {isa = PBXFileReference; lastKnownFileType = sourcecode.swift; path = PropertyObjectFlow.swift; sourceTree = "<group>"; };
		A51083512CB18B5500103E76 /* iOSViewFactory.swift */ = {isa = PBXFileReference; lastKnownFileType = sourcecode.swift; path = iOSViewFactory.swift; sourceTree = "<group>"; };
		A51083532CB19A6A00103E76 /* DirtyBillStorage.swift */ = {isa = PBXFileReference; lastKnownFileType = sourcecode.swift; path = DirtyBillStorage.swift; sourceTree = "<group>"; };
		A51083572CB2B52600103E76 /* BillListView.swift */ = {isa = PBXFileReference; lastKnownFileType = sourcecode.swift; path = BillListView.swift; sourceTree = "<group>"; };
		A51083592CB2B54300103E76 /* BillListViewModel.swift */ = {isa = PBXFileReference; lastKnownFileType = sourcecode.swift; path = BillListViewModel.swift; sourceTree = "<group>"; };
		A510835B2CB2C06100103E76 /* BillDetailsView.swift */ = {isa = PBXFileReference; lastKnownFileType = sourcecode.swift; path = BillDetailsView.swift; sourceTree = "<group>"; };
		A510835D2CB2C07300103E76 /* BillDetailsViewModel.swift */ = {isa = PBXFileReference; lastKnownFileType = sourcecode.swift; path = BillDetailsViewModel.swift; sourceTree = "<group>"; };
		A51FF4662CB5590900C71C12 /* BadgeViewModifier.swift */ = {isa = PBXFileReference; lastKnownFileType = sourcecode.swift; path = BadgeViewModifier.swift; sourceTree = "<group>"; };
		A51FF4682CB55F9200C71C12 /* DashboardData.swift */ = {isa = PBXFileReference; lastKnownFileType = sourcecode.swift; path = DashboardData.swift; sourceTree = "<group>"; };
		A51FF46A2CB56E6400C71C12 /* Issue.swift */ = {isa = PBXFileReference; lastKnownFileType = sourcecode.swift; path = Issue.swift; sourceTree = "<group>"; };
		A51FF46C2CB577B500C71C12 /* IssuesListView.swift */ = {isa = PBXFileReference; lastKnownFileType = sourcecode.swift; path = IssuesListView.swift; sourceTree = "<group>"; };
		A51FF46E2CB577C000C71C12 /* IssuesListViewModel.swift */ = {isa = PBXFileReference; lastKnownFileType = sourcecode.swift; path = IssuesListViewModel.swift; sourceTree = "<group>"; };
		A51FF4722CB5849D00C71C12 /* MeterTest.swift */ = {isa = PBXFileReference; lastKnownFileType = sourcecode.swift; path = MeterTest.swift; sourceTree = "<group>"; };
		A51FF4742CB5AB3100C71C12 /* IssueView.swift */ = {isa = PBXFileReference; lastKnownFileType = sourcecode.swift; path = IssueView.swift; sourceTree = "<group>"; };
		A540DD202C7F6FE800F5624E /* PropertyObject.swift */ = {isa = PBXFileReference; lastKnownFileType = sourcecode.swift; path = PropertyObject.swift; sourceTree = "<group>"; };
		A540DD242C7F711B00F5624E /* Meter.swift */ = {isa = PBXFileReference; lastKnownFileType = sourcecode.swift; path = Meter.swift; sourceTree = "<group>"; };
		A540DD262C7F718800F5624E /* Tariff.swift */ = {isa = PBXFileReference; lastKnownFileType = sourcecode.swift; path = Tariff.swift; sourceTree = "<group>"; };
		A540DD282C7F729700F5624E /* BillingMap.swift */ = {isa = PBXFileReference; lastKnownFileType = sourcecode.swift; path = BillingMap.swift; sourceTree = "<group>"; };
		A540DD3B2C7F8CF100F5624E /* LocalStorage.swift */ = {isa = PBXFileReference; lastKnownFileType = sourcecode.swift; path = LocalStorage.swift; sourceTree = "<group>"; };
		A55C63392C7FB67B00F66741 /* HomeCardView.swift */ = {isa = PBXFileReference; lastKnownFileType = sourcecode.swift; path = HomeCardView.swift; sourceTree = "<group>"; };
		A55C635A2C83808800F66741 /* UtilityBillsStorage.xcdatamodel */ = {isa = PBXFileReference; lastKnownFileType = wrapper.xcdatamodel; path = UtilityBillsStorage.xcdatamodel; sourceTree = "<group>"; };
		A55C635C2C8384AC00F66741 /* LocalStorage+PropertyObjectDAO.swift */ = {isa = PBXFileReference; lastKnownFileType = sourcecode.swift; path = "LocalStorage+PropertyObjectDAO.swift"; sourceTree = "<group>"; };
		A55C635E2C838AD600F66741 /* LocalStorageTest.swift */ = {isa = PBXFileReference; lastKnownFileType = sourcecode.swift; path = LocalStorageTest.swift; sourceTree = "<group>"; };
		A5AF03C22CB6CD0E000E5E58 /* MockUtils.swift */ = {isa = PBXFileReference; lastKnownFileType = sourcecode.swift; path = MockUtils.swift; sourceTree = "<group>"; };
		A5D809292C7156A300F2E6AF /* UtilityBills.app */ = {isa = PBXFileReference; explicitFileType = wrapper.application; includeInIndex = 0; path = UtilityBills.app; sourceTree = BUILT_PRODUCTS_DIR; };
		A5D8092C2C7156A300F2E6AF /* UtilityBillsApp.swift */ = {isa = PBXFileReference; lastKnownFileType = sourcecode.swift; path = UtilityBillsApp.swift; sourceTree = "<group>"; };
		A5D809302C7156A300F2E6AF /* Assets.xcassets */ = {isa = PBXFileReference; lastKnownFileType = folder.assetcatalog; path = Assets.xcassets; sourceTree = "<group>"; };
		A5D809332C7156A300F2E6AF /* Preview Assets.xcassets */ = {isa = PBXFileReference; lastKnownFileType = folder.assetcatalog; path = "Preview Assets.xcassets"; sourceTree = "<group>"; };
		A5D809392C7156A400F2E6AF /* UtilityBillsTests.xctest */ = {isa = PBXFileReference; explicitFileType = wrapper.cfbundle; includeInIndex = 0; path = UtilityBillsTests.xctest; sourceTree = BUILT_PRODUCTS_DIR; };
		A5D809432C7156A400F2E6AF /* UtilityBillsUITests.xctest */ = {isa = PBXFileReference; explicitFileType = wrapper.cfbundle; includeInIndex = 0; path = UtilityBillsUITests.xctest; sourceTree = BUILT_PRODUCTS_DIR; };
		A5D809472C7156A400F2E6AF /* UtilityBillsUITests.swift */ = {isa = PBXFileReference; lastKnownFileType = sourcecode.swift; path = UtilityBillsUITests.swift; sourceTree = "<group>"; };
		A5D809492C7156A400F2E6AF /* UtilityBillsUITestsLaunchTests.swift */ = {isa = PBXFileReference; lastKnownFileType = sourcecode.swift; path = UtilityBillsUITestsLaunchTests.swift; sourceTree = "<group>"; };
		A5E00B7D2C8F6D78002BC8EF /* ManagePropertyObjectView.swift */ = {isa = PBXFileReference; lastKnownFileType = sourcecode.swift; path = ManagePropertyObjectView.swift; sourceTree = "<group>"; };
		A5E00B7F2C8F9347002BC8EF /* InputStyleViewModifier.swift */ = {isa = PBXFileReference; lastKnownFileType = sourcecode.swift; path = InputStyleViewModifier.swift; sourceTree = "<group>"; };
		A5E00B812C8F9726002BC8EF /* CTAButton.swift */ = {isa = PBXFileReference; lastKnownFileType = sourcecode.swift; path = CTAButton.swift; sourceTree = "<group>"; };
		A5E00B832C8FA291002BC8EF /* StorageWatcher.swift */ = {isa = PBXFileReference; lastKnownFileType = sourcecode.swift; path = StorageWatcher.swift; sourceTree = "<group>"; };
		A5E00B852C8FB4D9002BC8EF /* CaptionValueCell.swift */ = {isa = PBXFileReference; lastKnownFileType = sourcecode.swift; path = CaptionValueCell.swift; sourceTree = "<group>"; };
		A5E00B872C905104002BC8EF /* AddMeterView.swift */ = {isa = PBXFileReference; lastKnownFileType = sourcecode.swift; path = AddMeterView.swift; sourceTree = "<group>"; };
		A5E00B8D2C90757F002BC8EF /* MeterValue.swift */ = {isa = PBXFileReference; lastKnownFileType = sourcecode.swift; path = MeterValue.swift; sourceTree = "<group>"; };
		A5F944362C8CC4F600A5FD47 /* UBImage.swift */ = {isa = PBXFileReference; lastKnownFileType = sourcecode.swift; path = UBImage.swift; sourceTree = "<group>"; };
		A5F9443C2C8D0D1700A5FD47 /* TitleSubtitleCell.swift */ = {isa = PBXFileReference; lastKnownFileType = sourcecode.swift; path = TitleSubtitleCell.swift; sourceTree = "<group>"; };
		A5F9443E2C8D130E00A5FD47 /* PropertyObjectView.swift */ = {isa = PBXFileReference; lastKnownFileType = sourcecode.swift; path = PropertyObjectView.swift; sourceTree = "<group>"; };
		A5F944412C8F5D2400A5FD47 /* SectionHeaderView.swift */ = {isa = PBXFileReference; lastKnownFileType = sourcecode.swift; path = SectionHeaderView.swift; sourceTree = "<group>"; };
		A5F944432C8F5F9000A5FD47 /* SectionViewModifier.swift */ = {isa = PBXFileReference; lastKnownFileType = sourcecode.swift; path = SectionViewModifier.swift; sourceTree = "<group>"; };
		A5F944452C8F629500A5FD47 /* PropertyInfoView.swift */ = {isa = PBXFileReference; lastKnownFileType = sourcecode.swift; path = PropertyInfoView.swift; sourceTree = "<group>"; };
/* End PBXFileReference section */

/* Begin PBXFrameworksBuildPhase section */
		A5D809262C7156A300F2E6AF /* Frameworks */ = {
			isa = PBXFrameworksBuildPhase;
			buildActionMask = 2147483647;
			files = (
			);
			runOnlyForDeploymentPostprocessing = 0;
		};
		A5D809362C7156A400F2E6AF /* Frameworks */ = {
			isa = PBXFrameworksBuildPhase;
			buildActionMask = 2147483647;
			files = (
			);
			runOnlyForDeploymentPostprocessing = 0;
		};
		A5D809402C7156A400F2E6AF /* Frameworks */ = {
			isa = PBXFrameworksBuildPhase;
			buildActionMask = 2147483647;
			files = (
			);
			runOnlyForDeploymentPostprocessing = 0;
		};
/* End PBXFrameworksBuildPhase section */

/* Begin PBXGroup section */
		A50302732C9CD65300033AE3 /* DAO */ = {
			isa = PBXGroup;
			children = (
				A50302722C9CD65300033AE3 /* PropertyObjectDAO.swift */,
				A50302712C9CD65300033AE3 /* MetersDAO.swift */,
				A503027A2C9CD7D900033AE3 /* TariffDAO.swift */,
				A51082E62CA7172F00103E76 /* BillMapDAO.swift */,
				A510830E2CAC693C00103E76 /* BillDAO.swift */,
			);
			path = DAO;
			sourceTree = "<group>";
		};
		A51082B62CA2CB5400103E76 /* VewModels */ = {
			isa = PBXGroup;
			children = (
				A51083032CAB1D5700103E76 /* ViewModel.swift */,
				A51082BE2CA2D7D100103E76 /* CommonListViewModel.swift */,
			);
			path = VewModels;
			sourceTree = "<group>";
		};
		A51082B92CA2D4DB00103E76 /* PropertyList */ = {
			isa = PBXGroup;
			children = (
				A51082BA2CA2D4F300103E76 /* PropertiesView.swift */,
				A51082BC2CA2D4FD00103E76 /* PropertiesViewModel.swift */,
				A55C63392C7FB67B00F66741 /* HomeCardView.swift */,
			);
			path = PropertyList;
			sourceTree = "<group>";
		};
		A51082C42CA2DFA500103E76 /* Modifiers */ = {
			isa = PBXGroup;
			children = (
				A51082C22CA2DC2800103E76 /* AlertErrorViewModifier.swift */,
				A5E00B7F2C8F9347002BC8EF /* InputStyleViewModifier.swift */,
				A51082FF2CA8715A00103E76 /* PopoverTitleViewModifier.swift */,
				A51FF4662CB5590900C71C12 /* BadgeViewModifier.swift */,
			);
			path = Modifiers;
			sourceTree = "<group>";
		};
		A51082C52CA2E70E00103E76 /* Meters */ = {
			isa = PBXGroup;
			children = (
				A5E00B872C905104002BC8EF /* AddMeterView.swift */,
				A51082C62CA2E7C200103E76 /* AddMeterViewModel.swift */,
				A51082EC2CA74B6000103E76 /* EditMeterView.swift */,
				A51082EE2CA74B7000103E76 /* EditMeterViewModel.swift */,
				A51082C82CA2FB0F00103E76 /* MeterValuesListView.swift */,
				A51082CA2CA2FB1E00103E76 /* MeterValuesListViewModel.swift */,
				A51082CC2CA3269D00103E76 /* MeterValueView.swift */,
				A51082CE2CA3277000103E76 /* MeterValueViewModel.swift */,
			);
			path = Meters;
			sourceTree = "<group>";
		};
		A51082D02CA4638200103E76 /* Section */ = {
			isa = PBXGroup;
			children = (
				A5F944412C8F5D2400A5FD47 /* SectionHeaderView.swift */,
				A5F944432C8F5F9000A5FD47 /* SectionViewModifier.swift */,
				A51082D12CA463AF00103E76 /* SectionListView.swift */,
			);
			path = Section;
			sourceTree = "<group>";
		};
		A51082D32CA4696A00103E76 /* Tariff */ = {
			isa = PBXGroup;
			children = (
				A51082D42CA4698C00103E76 /* ManageTariffView.swift */,
				A51082D62CA4699800103E76 /* ManageTariffViewModel.swift */,
			);
			path = Tariff;
			sourceTree = "<group>";
		};
		A51082D82CA4863500103E76 /* Utils */ = {
			isa = PBXGroup;
			children = (
				A51082D92CA4864C00103E76 /* BitmaskUtils.swift */,
				A510832B2CAEFD5200103E76 /* MeterUtils.swift */,
				A510832F2CAF088700103E76 /* Date+Utils.swift */,
			);
			path = Utils;
			sourceTree = "<group>";
		};
		A51082DD2CA7036E00103E76 /* PropertySettings */ = {
			isa = PBXGroup;
			children = (
				A51082DE2CA7039B00103E76 /* PropertySettingsView.swift */,
				A51082E02CA703B300103E76 /* PropertySettingsViewModel.swift */,
				A51082FB2CA8708B00103E76 /* BillingMapView.swift */,
				A51082FD2CA870F700103E76 /* BillingMapViewModel.swift */,
			);
			path = PropertySettings;
			sourceTree = "<group>";
		};
		A51082F02CA858EE00103E76 /* Choice */ = {
			isa = PBXGroup;
			children = (
				A51082F12CA8591100103E76 /* ChoiceView.swift */,
				A51082F32CA8594A00103E76 /* ChoiceViewModel.swift */,
				A51082F72CA863A500103E76 /* ChoiceCellViewModifier.swift */,
			);
			path = Choice;
			sourceTree = "<group>";
		};
		A51083052CAB206200103E76 /* Action */ = {
			isa = PBXGroup;
			children = (
				A5E00B812C8F9726002BC8EF /* CTAButton.swift */,
				A51083012CAB0F3100103E76 /* ControlAction.swift */,
				A51083082CAB209100103E76 /* ControlButtonsView.swift */,
			);
			path = Action;
			sourceTree = "<group>";
		};
		A51083122CAD8A6000103E76 /* Bill */ = {
			isa = PBXGroup;
			children = (
				A51083132CAD8A7500103E76 /* GenerateBillView.swift */,
				A51083252CAEAE3600103E76 /* GenerateBillViewModel.swift */,
				A51083312CB043F800103E76 /* ModifyBillRecordView.swift */,
				A51083332CB0440400103E76 /* ModifyBillRecordViewModel.swift */,
				A51083572CB2B52600103E76 /* BillListView.swift */,
				A51083592CB2B54300103E76 /* BillListViewModel.swift */,
				A510835B2CB2C06100103E76 /* BillDetailsView.swift */,
				A510835D2CB2C07300103E76 /* BillDetailsViewModel.swift */,
			);
			path = Bill;
			sourceTree = "<group>";
		};
		A510831A2CAD9CEC00103E76 /* Mocks */ = {
			isa = PBXGroup;
			children = (
				A510831B2CAD9D1200103E76 /* UpdatePublisherMock.swift */,
				A510831D2CAD9D7600103E76 /* PropertyObjectViewModelMock.swift */,
				A51083212CADA48200103E76 /* MeterValuesListViewModelMock.swift */,
				A51083232CADCAE100103E76 /* PropertySettingsViewModelMock.swift */,
				A5AF03C22CB6CD0E000E5E58 /* MockUtils.swift */,
			);
			path = Mocks;
			sourceTree = "<group>";
		};
		A510833E2CB14D3700103E76 /* Navigation */ = {
			isa = PBXGroup;
			children = (
				A510833C2CB140B900103E76 /* ViewHolder.swift */,
				A510833F2CB14D4600103E76 /* NavigationView.swift */,
				A51083412CB14D6800103E76 /* NavigationViewModel.swift */,
				A51083432CB14DE400103E76 /* StackNavigation.swift */,
			);
			path = Navigation;
			sourceTree = "<group>";
		};
		A51083452CB14DFC00103E76 /* Flow */ = {
			isa = PBXGroup;
			children = (
				A51083462CB14E0400103E76 /* Flow.swift */,
				A510834C2CB178C000103E76 /* MainFlow.swift */,
				A510834E2CB1792300103E76 /* PropertyObjectFlow.swift */,
				A51083292CAEC5DC00103E76 /* CalculateFlow.swift */,
			);
			path = Flow;
			sourceTree = "<group>";
		};
		A51083502CB18B2800103E76 /* ViewFactory */ = {
			isa = PBXGroup;
			children = (
				A51083182CAD928B00103E76 /* FlowDelegates.swift */,
				A51083482CB14FBA00103E76 /* ViewFactory.swift */,
				A51083512CB18B5500103E76 /* iOSViewFactory.swift */,
			);
			path = ViewFactory;
			sourceTree = "<group>";
		};
		A510F24F2C9CD5FE00942F8A /* Storage */ = {
			isa = PBXGroup;
			children = (
				A50302732C9CD65300033AE3 /* DAO */,
				A540DD372C7F77D900F5624E /* CoreData */,
			);
			path = Storage;
			sourceTree = "<group>";
		};
		A51FF4632CB554B000C71C12 /* Issues */ = {
			isa = PBXGroup;
			children = (
				A51FF46C2CB577B500C71C12 /* IssuesListView.swift */,
				A51FF46E2CB577C000C71C12 /* IssuesListViewModel.swift */,
				A51FF4742CB5AB3100C71C12 /* IssueView.swift */,
			);
			path = Issues;
			sourceTree = "<group>";
		};
		A540DD1F2C7F6FD600F5624E /* Model */ = {
			isa = PBXGroup;
			children = (
				A540DD202C7F6FE800F5624E /* PropertyObject.swift */,
				A540DD242C7F711B00F5624E /* Meter.swift */,
				A5E00B8D2C90757F002BC8EF /* MeterValue.swift */,
				A540DD262C7F718800F5624E /* Tariff.swift */,
				A540DD282C7F729700F5624E /* BillingMap.swift */,
				A510830C2CAC65FD00103E76 /* Bill.swift */,
				A51083532CB19A6A00103E76 /* DirtyBillStorage.swift */,
				A51FF4682CB55F9200C71C12 /* DashboardData.swift */,
				A51FF46A2CB56E6400C71C12 /* Issue.swift */,
			);
			path = Model;
			sourceTree = "<group>";
		};
		A540DD372C7F77D900F5624E /* CoreData */ = {
			isa = PBXGroup;
			children = (
				A55C63592C83808800F66741 /* LocalStorageModel.xcdatamodeld */,
				A540DD3B2C7F8CF100F5624E /* LocalStorage.swift */,
				A55C635C2C8384AC00F66741 /* LocalStorage+PropertyObjectDAO.swift */,
				A50302762C9CD71600033AE3 /* LocalStorage+MetersDAO.swift */,
				A503027C2C9CD81600033AE3 /* LocalStorage+TariffDAO.swift */,
				A51082E42CA7170A00103E76 /* LocalStorage+BillMapDAO.swift */,
				A51083102CAC695900103E76 /* LocalStorage+BillDAO.swift */,
				A5E00B832C8FA291002BC8EF /* StorageWatcher.swift */,
				A503027E2C9CD8B300033AE3 /* NSPredicate+CoreData.swift */,
				A50302782C9CD77F00033AE3 /* Mappers.swift */,
			);
			path = CoreData;
			sourceTree = "<group>";
		};
		A540DD3F2C7FB53400F5624E /* UI */ = {
			isa = PBXGroup;
			children = (
				A55C63662C8C94FB00F66741 /* Common */,
				A51082B92CA2D4DB00103E76 /* PropertyList */,
				A51FF4632CB554B000C71C12 /* Issues */,
				A55C633F2C7FD50E00F66741 /* PropertyObject */,
				A51083122CAD8A6000103E76 /* Bill */,
				A51082C52CA2E70E00103E76 /* Meters */,
				A51082D32CA4696A00103E76 /* Tariff */,
				A51082DD2CA7036E00103E76 /* PropertySettings */,
				A540DD402C7FB57000F5624E /* Cells */,
				A510831A2CAD9CEC00103E76 /* Mocks */,
			);
			path = UI;
			sourceTree = "<group>";
		};
		A540DD402C7FB57000F5624E /* Cells */ = {
			isa = PBXGroup;
			children = (
				A5F9443C2C8D0D1700A5FD47 /* TitleSubtitleCell.swift */,
				A5E00B852C8FB4D9002BC8EF /* CaptionValueCell.swift */,
			);
			path = Cells;
			sourceTree = "<group>";
		};
		A55C633F2C7FD50E00F66741 /* PropertyObject */ = {
			isa = PBXGroup;
			children = (
				A5F9443E2C8D130E00A5FD47 /* PropertyObjectView.swift */,
				A51082B12CA0934100103E76 /* PropertyObjectViewModel.swift */,
				A5F944452C8F629500A5FD47 /* PropertyInfoView.swift */,
				A5E00B7D2C8F6D78002BC8EF /* ManagePropertyObjectView.swift */,
				A51082F92CA86B2F00103E76 /* ManagePropertyObjectViewModel.swift */,
			);
			path = PropertyObject;
			sourceTree = "<group>";
		};
		A55C63662C8C94FB00F66741 /* Common */ = {
			isa = PBXGroup;
			children = (
				A51083052CAB206200103E76 /* Action */,
				A51082F02CA858EE00103E76 /* Choice */,
				A51082D02CA4638200103E76 /* Section */,
				A51082C42CA2DFA500103E76 /* Modifiers */,
				A51082B62CA2CB5400103E76 /* VewModels */,
				A5F944362C8CC4F600A5FD47 /* UBImage.swift */,
			);
			path = Common;
			sourceTree = "<group>";
		};
		A5D809202C7156A300F2E6AF = {
			isa = PBXGroup;
			children = (
				A5D8092B2C7156A300F2E6AF /* UtilityBills */,
				A540DD1F2C7F6FD600F5624E /* Model */,
				A510F24F2C9CD5FE00942F8A /* Storage */,
				A540DD3F2C7FB53400F5624E /* UI */,
				A51082D82CA4863500103E76 /* Utils */,
				A5D8093C2C7156A400F2E6AF /* UtilityBillsTests */,
				A5D809462C7156A400F2E6AF /* UtilityBillsUITests */,
				A5D8092A2C7156A300F2E6AF /* Products */,
			);
			sourceTree = "<group>";
		};
		A5D8092A2C7156A300F2E6AF /* Products */ = {
			isa = PBXGroup;
			children = (
				A5D809292C7156A300F2E6AF /* UtilityBills.app */,
				A5D809392C7156A400F2E6AF /* UtilityBillsTests.xctest */,
				A5D809432C7156A400F2E6AF /* UtilityBillsUITests.xctest */,
			);
			name = Products;
			sourceTree = "<group>";
		};
		A5D8092B2C7156A300F2E6AF /* UtilityBills */ = {
			isa = PBXGroup;
			children = (
				A51083502CB18B2800103E76 /* ViewFactory */,
				A51083452CB14DFC00103E76 /* Flow */,
				A510833E2CB14D3700103E76 /* Navigation */,
				A5D809302C7156A300F2E6AF /* Assets.xcassets */,
				A5D8092C2C7156A300F2E6AF /* UtilityBillsApp.swift */,
				A510830A2CAB265B00103E76 /* UtilityBillsError.swift */,
				A5D809322C7156A300F2E6AF /* Preview Content */,
			);
			path = UtilityBills;
			sourceTree = "<group>";
		};
		A5D809322C7156A300F2E6AF /* Preview Content */ = {
			isa = PBXGroup;
			children = (
				A5D809332C7156A300F2E6AF /* Preview Assets.xcassets */,
			);
			path = "Preview Content";
			sourceTree = "<group>";
		};
		A5D8093C2C7156A400F2E6AF /* UtilityBillsTests */ = {
			isa = PBXGroup;
			children = (
				A55C635E2C838AD600F66741 /* LocalStorageTest.swift */,
				A51082DB2CA4878C00103E76 /* BitMaskUtilsTest.swift */,
				A510832D2CAF021C00103E76 /* MeterUtilsTest.swift */,
				A51FF4722CB5849D00C71C12 /* MeterTest.swift */,
			);
			path = UtilityBillsTests;
			sourceTree = "<group>";
		};
		A5D809462C7156A400F2E6AF /* UtilityBillsUITests */ = {
			isa = PBXGroup;
			children = (
				A5D809472C7156A400F2E6AF /* UtilityBillsUITests.swift */,
				A5D809492C7156A400F2E6AF /* UtilityBillsUITestsLaunchTests.swift */,
			);
			path = UtilityBillsUITests;
			sourceTree = "<group>";
		};
/* End PBXGroup section */

/* Begin PBXNativeTarget section */
		A5D809282C7156A300F2E6AF /* UtilityBills */ = {
			isa = PBXNativeTarget;
			buildConfigurationList = A5D8094D2C7156A400F2E6AF /* Build configuration list for PBXNativeTarget "UtilityBills" */;
			buildPhases = (
				A5D809252C7156A300F2E6AF /* Sources */,
				A5D809262C7156A300F2E6AF /* Frameworks */,
				A5D809272C7156A300F2E6AF /* Resources */,
			);
			buildRules = (
			);
			dependencies = (
			);
			name = UtilityBills;
			productName = UtilityBills;
			productReference = A5D809292C7156A300F2E6AF /* UtilityBills.app */;
			productType = "com.apple.product-type.application";
		};
		A5D809382C7156A400F2E6AF /* UtilityBillsTests */ = {
			isa = PBXNativeTarget;
			buildConfigurationList = A5D809502C7156A400F2E6AF /* Build configuration list for PBXNativeTarget "UtilityBillsTests" */;
			buildPhases = (
				A5D809352C7156A400F2E6AF /* Sources */,
				A5D809362C7156A400F2E6AF /* Frameworks */,
				A5D809372C7156A400F2E6AF /* Resources */,
			);
			buildRules = (
			);
			dependencies = (
				A5D8093B2C7156A400F2E6AF /* PBXTargetDependency */,
			);
			name = UtilityBillsTests;
			productName = UtilityBillsTests;
			productReference = A5D809392C7156A400F2E6AF /* UtilityBillsTests.xctest */;
			productType = "com.apple.product-type.bundle.unit-test";
		};
		A5D809422C7156A400F2E6AF /* UtilityBillsUITests */ = {
			isa = PBXNativeTarget;
			buildConfigurationList = A5D809532C7156A400F2E6AF /* Build configuration list for PBXNativeTarget "UtilityBillsUITests" */;
			buildPhases = (
				A5D8093F2C7156A400F2E6AF /* Sources */,
				A5D809402C7156A400F2E6AF /* Frameworks */,
				A5D809412C7156A400F2E6AF /* Resources */,
			);
			buildRules = (
			);
			dependencies = (
				A5D809452C7156A400F2E6AF /* PBXTargetDependency */,
			);
			name = UtilityBillsUITests;
			productName = UtilityBillsUITests;
			productReference = A5D809432C7156A400F2E6AF /* UtilityBillsUITests.xctest */;
			productType = "com.apple.product-type.bundle.ui-testing";
		};
/* End PBXNativeTarget section */

/* Begin PBXProject section */
		A5D809212C7156A300F2E6AF /* Project object */ = {
			isa = PBXProject;
			attributes = {
				BuildIndependentTargetsInParallel = 1;
				LastSwiftUpdateCheck = 1540;
				LastUpgradeCheck = 1540;
				TargetAttributes = {
					A5D809282C7156A300F2E6AF = {
						CreatedOnToolsVersion = 15.4;
					};
					A5D809382C7156A400F2E6AF = {
						CreatedOnToolsVersion = 15.4;
						TestTargetID = A5D809282C7156A300F2E6AF;
					};
					A5D809422C7156A400F2E6AF = {
						CreatedOnToolsVersion = 15.4;
						TestTargetID = A5D809282C7156A300F2E6AF;
					};
				};
			};
			buildConfigurationList = A5D809242C7156A300F2E6AF /* Build configuration list for PBXProject "UtilityBills" */;
			compatibilityVersion = "Xcode 14.0";
			developmentRegion = en;
			hasScannedForEncodings = 0;
			knownRegions = (
				en,
				Base,
			);
			mainGroup = A5D809202C7156A300F2E6AF;
			productRefGroup = A5D8092A2C7156A300F2E6AF /* Products */;
			projectDirPath = "";
			projectRoot = "";
			targets = (
				A5D809282C7156A300F2E6AF /* UtilityBills */,
				A5D809382C7156A400F2E6AF /* UtilityBillsTests */,
				A5D809422C7156A400F2E6AF /* UtilityBillsUITests */,
			);
		};
/* End PBXProject section */

/* Begin PBXResourcesBuildPhase section */
		A5D809272C7156A300F2E6AF /* Resources */ = {
			isa = PBXResourcesBuildPhase;
			buildActionMask = 2147483647;
			files = (
				A5D809342C7156A300F2E6AF /* Preview Assets.xcassets in Resources */,
				A5D809312C7156A300F2E6AF /* Assets.xcassets in Resources */,
			);
			runOnlyForDeploymentPostprocessing = 0;
		};
		A5D809372C7156A400F2E6AF /* Resources */ = {
			isa = PBXResourcesBuildPhase;
			buildActionMask = 2147483647;
			files = (
			);
			runOnlyForDeploymentPostprocessing = 0;
		};
		A5D809412C7156A400F2E6AF /* Resources */ = {
			isa = PBXResourcesBuildPhase;
			buildActionMask = 2147483647;
			files = (
			);
			runOnlyForDeploymentPostprocessing = 0;
		};
/* End PBXResourcesBuildPhase section */

/* Begin PBXSourcesBuildPhase section */
		A5D809252C7156A300F2E6AF /* Sources */ = {
			isa = PBXSourcesBuildPhase;
			buildActionMask = 2147483647;
			files = (
				A51083142CAD8A7500103E76 /* GenerateBillView.swift in Sources */,
				A51083472CB14E0400103E76 /* Flow.swift in Sources */,
				A5F9443D2C8D0D1700A5FD47 /* TitleSubtitleCell.swift in Sources */,
				A5F944422C8F5D2400A5FD47 /* SectionHeaderView.swift in Sources */,
				A510835C2CB2C06100103E76 /* BillDetailsView.swift in Sources */,
				A5AF03C32CB6CD0E000E5E58 /* MockUtils.swift in Sources */,
				A510830F2CAC693C00103E76 /* BillDAO.swift in Sources */,
				A51082EF2CA74B7000103E76 /* EditMeterViewModel.swift in Sources */,
				A55C633A2C7FB67B00F66741 /* HomeCardView.swift in Sources */,
				A5F9443F2C8D130E00A5FD47 /* PropertyObjectView.swift in Sources */,
				A51083112CAC695900103E76 /* LocalStorage+BillDAO.swift in Sources */,
				A51083582CB2B52600103E76 /* BillListView.swift in Sources */,
				A51082CD2CA3269D00103E76 /* MeterValueView.swift in Sources */,
				A51083492CB14FBA00103E76 /* ViewFactory.swift in Sources */,
				A5E00B8E2C90757F002BC8EF /* MeterValue.swift in Sources */,
				A5E00B862C8FB4D9002BC8EF /* CaptionValueCell.swift in Sources */,
				A51083242CADCAE100103E76 /* PropertySettingsViewModelMock.swift in Sources */,
				A5E00B802C8F9347002BC8EF /* InputStyleViewModifier.swift in Sources */,
				A51083442CB14DE400103E76 /* StackNavigation.swift in Sources */,
				A510834F2CB1792300103E76 /* PropertyObjectFlow.swift in Sources */,
				A55C635D2C8384AC00F66741 /* LocalStorage+PropertyObjectDAO.swift in Sources */,
				A51082D72CA4699800103E76 /* ManageTariffViewModel.swift in Sources */,
				A51083192CAD928B00103E76 /* FlowDelegates.swift in Sources */,
				A50302792C9CD77F00033AE3 /* Mappers.swift in Sources */,
				A5E00B882C905104002BC8EF /* AddMeterView.swift in Sources */,
				A51083422CB14D6800103E76 /* NavigationViewModel.swift in Sources */,
				A51083302CAF088700103E76 /* Date+Utils.swift in Sources */,
				A51082DA2CA4864C00103E76 /* BitmaskUtils.swift in Sources */,
				A51083322CB043F800103E76 /* ModifyBillRecordView.swift in Sources */,
				A51FF46D2CB577B500C71C12 /* IssuesListView.swift in Sources */,
				A51082FE2CA870F700103E76 /* BillingMapViewModel.swift in Sources */,
				A510831E2CAD9D7600103E76 /* PropertyObjectViewModelMock.swift in Sources */,
				A540DD3C2C7F8CF100F5624E /* LocalStorage.swift in Sources */,
				A5F944372C8CC4F600A5FD47 /* UBImage.swift in Sources */,
				A51FF4692CB55F9200C71C12 /* DashboardData.swift in Sources */,
				A510834D2CB178C000103E76 /* MainFlow.swift in Sources */,
				A51083402CB14D4600103E76 /* NavigationView.swift in Sources */,
				A5D8092D2C7156A300F2E6AF /* UtilityBillsApp.swift in Sources */,
				A540DD252C7F711B00F5624E /* Meter.swift in Sources */,
				A50302742C9CD65300033AE3 /* MetersDAO.swift in Sources */,
				A510831C2CAD9D1200103E76 /* UpdatePublisherMock.swift in Sources */,
				A51082B22CA0934100103E76 /* PropertyObjectViewModel.swift in Sources */,
				A51083042CAB1D5800103E76 /* ViewModel.swift in Sources */,
				A55C635B2C83808800F66741 /* LocalStorageModel.xcdatamodeld in Sources */,
				A510835A2CB2B54300103E76 /* BillListViewModel.swift in Sources */,
				A540DD272C7F718800F5624E /* Tariff.swift in Sources */,
				A51083522CB18B5500103E76 /* iOSViewFactory.swift in Sources */,
				A51083002CA8715A00103E76 /* PopoverTitleViewModifier.swift in Sources */,
				A51082E72CA7172F00103E76 /* BillMapDAO.swift in Sources */,
				A503027F2C9CD8B300033AE3 /* NSPredicate+CoreData.swift in Sources */,
				A51082ED2CA74B6000103E76 /* EditMeterView.swift in Sources */,
				A503027B2C9CD7D900033AE3 /* TariffDAO.swift in Sources */,
				A51082D52CA4698C00103E76 /* ManageTariffView.swift in Sources */,
				A503027D2C9CD81600033AE3 /* LocalStorage+TariffDAO.swift in Sources */,
				A510832C2CAEFD5200103E76 /* MeterUtils.swift in Sources */,
				A51082FC2CA8708B00103E76 /* BillingMapView.swift in Sources */,
				A51082E22CA7040E00103E76 /* PropertySettingsViewModel.swift in Sources */,
				A51FF46F2CB577C000C71C12 /* IssuesListViewModel.swift in Sources */,
				A51082E32CA7044100103E76 /* PropertySettingsView.swift in Sources */,
				A51083092CAB209100103E76 /* ControlButtonsView.swift in Sources */,
				A510830B2CAB265B00103E76 /* UtilityBillsError.swift in Sources */,
				A51082FA2CA86B2F00103E76 /* ManagePropertyObjectViewModel.swift in Sources */,
				A51082F22CA8591100103E76 /* ChoiceView.swift in Sources */,
				A510830D2CAC65FD00103E76 /* Bill.swift in Sources */,
				A510832A2CAEC5DC00103E76 /* CalculateFlow.swift in Sources */,
				A51082E52CA7170A00103E76 /* LocalStorage+BillMapDAO.swift in Sources */,
				A5F944462C8F629500A5FD47 /* PropertyInfoView.swift in Sources */,
				A540DD212C7F6FE800F5624E /* PropertyObject.swift in Sources */,
				A51083222CADA48200103E76 /* MeterValuesListViewModelMock.swift in Sources */,
				A540DD292C7F729700F5624E /* BillingMap.swift in Sources */,
				A51082F42CA8594A00103E76 /* ChoiceViewModel.swift in Sources */,
				A51083262CAEAE3600103E76 /* GenerateBillViewModel.swift in Sources */,
				A50302772C9CD71600033AE3 /* LocalStorage+MetersDAO.swift in Sources */,
				A51082CF2CA3277000103E76 /* MeterValueViewModel.swift in Sources */,
				A51083342CB0440400103E76 /* ModifyBillRecordViewModel.swift in Sources */,
				A51FF46B2CB56E6400C71C12 /* Issue.swift in Sources */,
				A51082BD2CA2D4FD00103E76 /* PropertiesViewModel.swift in Sources */,
				A5E00B7E2C8F6D78002BC8EF /* ManagePropertyObjectView.swift in Sources */,
				A51082C72CA2E7C200103E76 /* AddMeterViewModel.swift in Sources */,
				A50302752C9CD65300033AE3 /* PropertyObjectDAO.swift in Sources */,
				A51FF4672CB5590900C71C12 /* BadgeViewModifier.swift in Sources */,
				A51082CB2CA2FB1E00103E76 /* MeterValuesListViewModel.swift in Sources */,
				A51082C32CA2DC2800103E76 /* AlertErrorViewModifier.swift in Sources */,
				A51083022CAB0F3100103E76 /* ControlAction.swift in Sources */,
				A5E00B842C8FA291002BC8EF /* StorageWatcher.swift in Sources */,
				A51082D22CA463AF00103E76 /* SectionListView.swift in Sources */,
				A51082BB2CA2D4F300103E76 /* PropertiesView.swift in Sources */,
				A51082C92CA2FB0F00103E76 /* MeterValuesListView.swift in Sources */,
				A51083542CB19A6A00103E76 /* DirtyBillStorage.swift in Sources */,
				A510835E2CB2C07300103E76 /* BillDetailsViewModel.swift in Sources */,
				A51082F82CA863A500103E76 /* ChoiceCellViewModifier.swift in Sources */,
				A5E00B822C8F9726002BC8EF /* CTAButton.swift in Sources */,
				A510833D2CB140B900103E76 /* ViewHolder.swift in Sources */,
				A51FF4752CB5AB3100C71C12 /* IssueView.swift in Sources */,
				A5F944442C8F5F9000A5FD47 /* SectionViewModifier.swift in Sources */,
				A51082BF2CA2D7D100103E76 /* CommonListViewModel.swift in Sources */,
			);
			runOnlyForDeploymentPostprocessing = 0;
		};
		A5D809352C7156A400F2E6AF /* Sources */ = {
			isa = PBXSourcesBuildPhase;
			buildActionMask = 2147483647;
			files = (
				A55C635F2C838AD600F66741 /* LocalStorageTest.swift in Sources */,
				A51082DC2CA4878C00103E76 /* BitMaskUtilsTest.swift in Sources */,
				A510832E2CAF021C00103E76 /* MeterUtilsTest.swift in Sources */,
				A51FF4732CB5849D00C71C12 /* MeterTest.swift in Sources */,
			);
			runOnlyForDeploymentPostprocessing = 0;
		};
		A5D8093F2C7156A400F2E6AF /* Sources */ = {
			isa = PBXSourcesBuildPhase;
			buildActionMask = 2147483647;
			files = (
				A5D8094A2C7156A400F2E6AF /* UtilityBillsUITestsLaunchTests.swift in Sources */,
				A5D809482C7156A400F2E6AF /* UtilityBillsUITests.swift in Sources */,
			);
			runOnlyForDeploymentPostprocessing = 0;
		};
/* End PBXSourcesBuildPhase section */

/* Begin PBXTargetDependency section */
		A5D8093B2C7156A400F2E6AF /* PBXTargetDependency */ = {
			isa = PBXTargetDependency;
			target = A5D809282C7156A300F2E6AF /* UtilityBills */;
			targetProxy = A5D8093A2C7156A400F2E6AF /* PBXContainerItemProxy */;
		};
		A5D809452C7156A400F2E6AF /* PBXTargetDependency */ = {
			isa = PBXTargetDependency;
			target = A5D809282C7156A300F2E6AF /* UtilityBills */;
			targetProxy = A5D809442C7156A400F2E6AF /* PBXContainerItemProxy */;
		};
/* End PBXTargetDependency section */

/* Begin XCBuildConfiguration section */
		A5D8094B2C7156A400F2E6AF /* Debug */ = {
			isa = XCBuildConfiguration;
			buildSettings = {
				ALWAYS_SEARCH_USER_PATHS = NO;
				ASSETCATALOG_COMPILER_GENERATE_SWIFT_ASSET_SYMBOL_EXTENSIONS = YES;
				CLANG_ANALYZER_NONNULL = YES;
				CLANG_ANALYZER_NUMBER_OBJECT_CONVERSION = YES_AGGRESSIVE;
				CLANG_CXX_LANGUAGE_STANDARD = "gnu++20";
				CLANG_ENABLE_MODULES = YES;
				CLANG_ENABLE_OBJC_ARC = YES;
				CLANG_ENABLE_OBJC_WEAK = YES;
				CLANG_WARN_BLOCK_CAPTURE_AUTORELEASING = YES;
				CLANG_WARN_BOOL_CONVERSION = YES;
				CLANG_WARN_COMMA = YES;
				CLANG_WARN_CONSTANT_CONVERSION = YES;
				CLANG_WARN_DEPRECATED_OBJC_IMPLEMENTATIONS = YES;
				CLANG_WARN_DIRECT_OBJC_ISA_USAGE = YES_ERROR;
				CLANG_WARN_DOCUMENTATION_COMMENTS = YES;
				CLANG_WARN_EMPTY_BODY = YES;
				CLANG_WARN_ENUM_CONVERSION = YES;
				CLANG_WARN_INFINITE_RECURSION = YES;
				CLANG_WARN_INT_CONVERSION = YES;
				CLANG_WARN_NON_LITERAL_NULL_CONVERSION = YES;
				CLANG_WARN_OBJC_IMPLICIT_RETAIN_SELF = YES;
				CLANG_WARN_OBJC_LITERAL_CONVERSION = YES;
				CLANG_WARN_OBJC_ROOT_CLASS = YES_ERROR;
				CLANG_WARN_QUOTED_INCLUDE_IN_FRAMEWORK_HEADER = YES;
				CLANG_WARN_RANGE_LOOP_ANALYSIS = YES;
				CLANG_WARN_STRICT_PROTOTYPES = YES;
				CLANG_WARN_SUSPICIOUS_MOVE = YES;
				CLANG_WARN_UNGUARDED_AVAILABILITY = YES_AGGRESSIVE;
				CLANG_WARN_UNREACHABLE_CODE = YES;
				CLANG_WARN__DUPLICATE_METHOD_MATCH = YES;
				COPY_PHASE_STRIP = NO;
				DEBUG_INFORMATION_FORMAT = dwarf;
				ENABLE_STRICT_OBJC_MSGSEND = YES;
				ENABLE_TESTABILITY = YES;
				ENABLE_USER_SCRIPT_SANDBOXING = YES;
				GCC_C_LANGUAGE_STANDARD = gnu17;
				GCC_DYNAMIC_NO_PIC = NO;
				GCC_NO_COMMON_BLOCKS = YES;
				GCC_OPTIMIZATION_LEVEL = 0;
				GCC_PREPROCESSOR_DEFINITIONS = (
					"DEBUG=1",
					"$(inherited)",
				);
				GCC_WARN_64_TO_32_BIT_CONVERSION = YES;
				GCC_WARN_ABOUT_RETURN_TYPE = YES_ERROR;
				GCC_WARN_UNDECLARED_SELECTOR = YES;
				GCC_WARN_UNINITIALIZED_AUTOS = YES_AGGRESSIVE;
				GCC_WARN_UNUSED_FUNCTION = YES;
				GCC_WARN_UNUSED_VARIABLE = YES;
				IPHONEOS_DEPLOYMENT_TARGET = 17.5;
				LOCALIZATION_PREFERS_STRING_CATALOGS = YES;
				MTL_ENABLE_DEBUG_INFO = INCLUDE_SOURCE;
				MTL_FAST_MATH = YES;
				ONLY_ACTIVE_ARCH = YES;
				SDKROOT = iphoneos;
				SWIFT_ACTIVE_COMPILATION_CONDITIONS = "DEBUG $(inherited)";
				SWIFT_OPTIMIZATION_LEVEL = "-Onone";
			};
			name = Debug;
		};
		A5D8094C2C7156A400F2E6AF /* Release */ = {
			isa = XCBuildConfiguration;
			buildSettings = {
				ALWAYS_SEARCH_USER_PATHS = NO;
				ASSETCATALOG_COMPILER_GENERATE_SWIFT_ASSET_SYMBOL_EXTENSIONS = YES;
				CLANG_ANALYZER_NONNULL = YES;
				CLANG_ANALYZER_NUMBER_OBJECT_CONVERSION = YES_AGGRESSIVE;
				CLANG_CXX_LANGUAGE_STANDARD = "gnu++20";
				CLANG_ENABLE_MODULES = YES;
				CLANG_ENABLE_OBJC_ARC = YES;
				CLANG_ENABLE_OBJC_WEAK = YES;
				CLANG_WARN_BLOCK_CAPTURE_AUTORELEASING = YES;
				CLANG_WARN_BOOL_CONVERSION = YES;
				CLANG_WARN_COMMA = YES;
				CLANG_WARN_CONSTANT_CONVERSION = YES;
				CLANG_WARN_DEPRECATED_OBJC_IMPLEMENTATIONS = YES;
				CLANG_WARN_DIRECT_OBJC_ISA_USAGE = YES_ERROR;
				CLANG_WARN_DOCUMENTATION_COMMENTS = YES;
				CLANG_WARN_EMPTY_BODY = YES;
				CLANG_WARN_ENUM_CONVERSION = YES;
				CLANG_WARN_INFINITE_RECURSION = YES;
				CLANG_WARN_INT_CONVERSION = YES;
				CLANG_WARN_NON_LITERAL_NULL_CONVERSION = YES;
				CLANG_WARN_OBJC_IMPLICIT_RETAIN_SELF = YES;
				CLANG_WARN_OBJC_LITERAL_CONVERSION = YES;
				CLANG_WARN_OBJC_ROOT_CLASS = YES_ERROR;
				CLANG_WARN_QUOTED_INCLUDE_IN_FRAMEWORK_HEADER = YES;
				CLANG_WARN_RANGE_LOOP_ANALYSIS = YES;
				CLANG_WARN_STRICT_PROTOTYPES = YES;
				CLANG_WARN_SUSPICIOUS_MOVE = YES;
				CLANG_WARN_UNGUARDED_AVAILABILITY = YES_AGGRESSIVE;
				CLANG_WARN_UNREACHABLE_CODE = YES;
				CLANG_WARN__DUPLICATE_METHOD_MATCH = YES;
				COPY_PHASE_STRIP = NO;
				DEBUG_INFORMATION_FORMAT = "dwarf-with-dsym";
				ENABLE_NS_ASSERTIONS = NO;
				ENABLE_STRICT_OBJC_MSGSEND = YES;
				ENABLE_USER_SCRIPT_SANDBOXING = YES;
				GCC_C_LANGUAGE_STANDARD = gnu17;
				GCC_NO_COMMON_BLOCKS = YES;
				GCC_WARN_64_TO_32_BIT_CONVERSION = YES;
				GCC_WARN_ABOUT_RETURN_TYPE = YES_ERROR;
				GCC_WARN_UNDECLARED_SELECTOR = YES;
				GCC_WARN_UNINITIALIZED_AUTOS = YES_AGGRESSIVE;
				GCC_WARN_UNUSED_FUNCTION = YES;
				GCC_WARN_UNUSED_VARIABLE = YES;
				IPHONEOS_DEPLOYMENT_TARGET = 17.5;
				LOCALIZATION_PREFERS_STRING_CATALOGS = YES;
				MTL_ENABLE_DEBUG_INFO = NO;
				MTL_FAST_MATH = YES;
				SDKROOT = iphoneos;
				SWIFT_COMPILATION_MODE = wholemodule;
				VALIDATE_PRODUCT = YES;
			};
			name = Release;
		};
		A5D8094E2C7156A400F2E6AF /* Debug */ = {
			isa = XCBuildConfiguration;
			buildSettings = {
				ASSETCATALOG_COMPILER_APPICON_NAME = AppIcon;
				ASSETCATALOG_COMPILER_GLOBAL_ACCENT_COLOR_NAME = AccentColor;
				CODE_SIGN_STYLE = Automatic;
				CURRENT_PROJECT_VERSION = 1;
				DEVELOPMENT_ASSET_PATHS = "\"UtilityBills/Preview Content\"";
				ENABLE_PREVIEWS = YES;
				GENERATE_INFOPLIST_FILE = YES;
				INFOPLIST_KEY_UIApplicationSceneManifest_Generation = YES;
				INFOPLIST_KEY_UIApplicationSupportsIndirectInputEvents = YES;
				INFOPLIST_KEY_UILaunchScreen_Generation = YES;
				INFOPLIST_KEY_UISupportedInterfaceOrientations_iPad = "UIInterfaceOrientationPortrait UIInterfaceOrientationPortraitUpsideDown UIInterfaceOrientationLandscapeLeft UIInterfaceOrientationLandscapeRight";
				INFOPLIST_KEY_UISupportedInterfaceOrientations_iPhone = "UIInterfaceOrientationPortrait UIInterfaceOrientationLandscapeLeft UIInterfaceOrientationLandscapeRight";
				LD_RUNPATH_SEARCH_PATHS = (
					"$(inherited)",
					"@executable_path/Frameworks",
				);
				MARKETING_VERSION = 1.0;
				PRODUCT_BUNDLE_IDENTIFIER = com.chelak.UtilityBills;
				PRODUCT_NAME = "$(TARGET_NAME)";
				SUPPORTED_PLATFORMS = "iphoneos iphonesimulator macosx";
				SUPPORTS_MACCATALYST = NO;
				SUPPORTS_MAC_DESIGNED_FOR_IPHONE_IPAD = NO;
				SWIFT_EMIT_LOC_STRINGS = YES;
				SWIFT_VERSION = 5.0;
				TARGETED_DEVICE_FAMILY = "1,2";
			};
			name = Debug;
		};
		A5D8094F2C7156A400F2E6AF /* Release */ = {
			isa = XCBuildConfiguration;
			buildSettings = {
				ASSETCATALOG_COMPILER_APPICON_NAME = AppIcon;
				ASSETCATALOG_COMPILER_GLOBAL_ACCENT_COLOR_NAME = AccentColor;
				CODE_SIGN_STYLE = Automatic;
				CURRENT_PROJECT_VERSION = 1;
				DEVELOPMENT_ASSET_PATHS = "\"UtilityBills/Preview Content\"";
				ENABLE_PREVIEWS = YES;
				GENERATE_INFOPLIST_FILE = YES;
				INFOPLIST_KEY_UIApplicationSceneManifest_Generation = YES;
				INFOPLIST_KEY_UIApplicationSupportsIndirectInputEvents = YES;
				INFOPLIST_KEY_UILaunchScreen_Generation = YES;
				INFOPLIST_KEY_UISupportedInterfaceOrientations_iPad = "UIInterfaceOrientationPortrait UIInterfaceOrientationPortraitUpsideDown UIInterfaceOrientationLandscapeLeft UIInterfaceOrientationLandscapeRight";
				INFOPLIST_KEY_UISupportedInterfaceOrientations_iPhone = "UIInterfaceOrientationPortrait UIInterfaceOrientationLandscapeLeft UIInterfaceOrientationLandscapeRight";
				LD_RUNPATH_SEARCH_PATHS = (
					"$(inherited)",
					"@executable_path/Frameworks",
				);
				MARKETING_VERSION = 1.0;
				PRODUCT_BUNDLE_IDENTIFIER = com.chelak.UtilityBills;
				PRODUCT_NAME = "$(TARGET_NAME)";
				SUPPORTED_PLATFORMS = "iphoneos iphonesimulator macosx";
				SUPPORTS_MACCATALYST = NO;
				SUPPORTS_MAC_DESIGNED_FOR_IPHONE_IPAD = NO;
				SWIFT_EMIT_LOC_STRINGS = YES;
				SWIFT_VERSION = 5.0;
				TARGETED_DEVICE_FAMILY = "1,2";
			};
			name = Release;
		};
		A5D809512C7156A400F2E6AF /* Debug */ = {
			isa = XCBuildConfiguration;
			buildSettings = {
				ALWAYS_EMBED_SWIFT_STANDARD_LIBRARIES = YES;
				BUNDLE_LOADER = "$(TEST_HOST)";
				CODE_SIGN_STYLE = Automatic;
				CURRENT_PROJECT_VERSION = 1;
				GENERATE_INFOPLIST_FILE = YES;
				IPHONEOS_DEPLOYMENT_TARGET = 17.5;
				MARKETING_VERSION = 1.0;
				PRODUCT_BUNDLE_IDENTIFIER = com.chelak.UtilityBillsTests;
				PRODUCT_NAME = "$(TARGET_NAME)";
				SWIFT_EMIT_LOC_STRINGS = NO;
				SWIFT_VERSION = 5.0;
				TARGETED_DEVICE_FAMILY = "1,2";
				TEST_HOST = "$(BUILT_PRODUCTS_DIR)/UtilityBills.app/$(BUNDLE_EXECUTABLE_FOLDER_PATH)/UtilityBills";
			};
			name = Debug;
		};
		A5D809522C7156A400F2E6AF /* Release */ = {
			isa = XCBuildConfiguration;
			buildSettings = {
				ALWAYS_EMBED_SWIFT_STANDARD_LIBRARIES = YES;
				BUNDLE_LOADER = "$(TEST_HOST)";
				CODE_SIGN_STYLE = Automatic;
				CURRENT_PROJECT_VERSION = 1;
				GENERATE_INFOPLIST_FILE = YES;
				IPHONEOS_DEPLOYMENT_TARGET = 17.5;
				MARKETING_VERSION = 1.0;
				PRODUCT_BUNDLE_IDENTIFIER = com.chelak.UtilityBillsTests;
				PRODUCT_NAME = "$(TARGET_NAME)";
				SWIFT_EMIT_LOC_STRINGS = NO;
				SWIFT_VERSION = 5.0;
				TARGETED_DEVICE_FAMILY = "1,2";
				TEST_HOST = "$(BUILT_PRODUCTS_DIR)/UtilityBills.app/$(BUNDLE_EXECUTABLE_FOLDER_PATH)/UtilityBills";
			};
			name = Release;
		};
		A5D809542C7156A400F2E6AF /* Debug */ = {
			isa = XCBuildConfiguration;
			buildSettings = {
				ALWAYS_EMBED_SWIFT_STANDARD_LIBRARIES = YES;
				CODE_SIGN_STYLE = Automatic;
				CURRENT_PROJECT_VERSION = 1;
				GENERATE_INFOPLIST_FILE = YES;
				MARKETING_VERSION = 1.0;
				PRODUCT_BUNDLE_IDENTIFIER = com.chelak.UtilityBillsUITests;
				PRODUCT_NAME = "$(TARGET_NAME)";
				SWIFT_EMIT_LOC_STRINGS = NO;
				SWIFT_VERSION = 5.0;
				TARGETED_DEVICE_FAMILY = "1,2";
				TEST_TARGET_NAME = UtilityBills;
			};
			name = Debug;
		};
		A5D809552C7156A400F2E6AF /* Release */ = {
			isa = XCBuildConfiguration;
			buildSettings = {
				ALWAYS_EMBED_SWIFT_STANDARD_LIBRARIES = YES;
				CODE_SIGN_STYLE = Automatic;
				CURRENT_PROJECT_VERSION = 1;
				GENERATE_INFOPLIST_FILE = YES;
				MARKETING_VERSION = 1.0;
				PRODUCT_BUNDLE_IDENTIFIER = com.chelak.UtilityBillsUITests;
				PRODUCT_NAME = "$(TARGET_NAME)";
				SWIFT_EMIT_LOC_STRINGS = NO;
				SWIFT_VERSION = 5.0;
				TARGETED_DEVICE_FAMILY = "1,2";
				TEST_TARGET_NAME = UtilityBills;
			};
			name = Release;
		};
/* End XCBuildConfiguration section */

/* Begin XCConfigurationList section */
		A5D809242C7156A300F2E6AF /* Build configuration list for PBXProject "UtilityBills" */ = {
			isa = XCConfigurationList;
			buildConfigurations = (
				A5D8094B2C7156A400F2E6AF /* Debug */,
				A5D8094C2C7156A400F2E6AF /* Release */,
			);
			defaultConfigurationIsVisible = 0;
			defaultConfigurationName = Release;
		};
		A5D8094D2C7156A400F2E6AF /* Build configuration list for PBXNativeTarget "UtilityBills" */ = {
			isa = XCConfigurationList;
			buildConfigurations = (
				A5D8094E2C7156A400F2E6AF /* Debug */,
				A5D8094F2C7156A400F2E6AF /* Release */,
			);
			defaultConfigurationIsVisible = 0;
			defaultConfigurationName = Release;
		};
		A5D809502C7156A400F2E6AF /* Build configuration list for PBXNativeTarget "UtilityBillsTests" */ = {
			isa = XCConfigurationList;
			buildConfigurations = (
				A5D809512C7156A400F2E6AF /* Debug */,
				A5D809522C7156A400F2E6AF /* Release */,
			);
			defaultConfigurationIsVisible = 0;
			defaultConfigurationName = Release;
		};
		A5D809532C7156A400F2E6AF /* Build configuration list for PBXNativeTarget "UtilityBillsUITests" */ = {
			isa = XCConfigurationList;
			buildConfigurations = (
				A5D809542C7156A400F2E6AF /* Debug */,
				A5D809552C7156A400F2E6AF /* Release */,
			);
			defaultConfigurationIsVisible = 0;
			defaultConfigurationName = Release;
		};
/* End XCConfigurationList section */

/* Begin XCVersionGroup section */
		A55C63592C83808800F66741 /* LocalStorageModel.xcdatamodeld */ = {
			isa = XCVersionGroup;
			children = (
				A55C635A2C83808800F66741 /* UtilityBillsStorage.xcdatamodel */,
			);
			currentVersion = A55C635A2C83808800F66741 /* UtilityBillsStorage.xcdatamodel */;
			path = LocalStorageModel.xcdatamodeld;
			sourceTree = "<group>";
			versionGroupType = wrapper.xcdatamodel;
		};
/* End XCVersionGroup section */
	};
	rootObject = A5D809212C7156A300F2E6AF /* Project object */;
}
